// !$*UTF8*$!
{
	archiveVersion = 1;
	classes = {
	};
	objectVersion = 46;
	objects = {

/* Begin PBXBuildFile section */
		2443DC5618D662CA00C920C1 /* Foundation.framework in Frameworks */ = {isa = PBXBuildFile; fileRef = 2443DC5518D662CA00C920C1 /* Foundation.framework */; };
		2443DC5818D662CA00C920C1 /* CoreGraphics.framework in Frameworks */ = {isa = PBXBuildFile; fileRef = 2443DC5718D662CA00C920C1 /* CoreGraphics.framework */; };
		2443DC5A18D662CA00C920C1 /* UIKit.framework in Frameworks */ = {isa = PBXBuildFile; fileRef = 2443DC5918D662CA00C920C1 /* UIKit.framework */; };
		2443DC5C18D662CA00C920C1 /* SpriteKit.framework in Frameworks */ = {isa = PBXBuildFile; fileRef = 2443DC5B18D662CA00C920C1 /* SpriteKit.framework */; };
		2443DC6218D662CA00C920C1 /* InfoPlist.strings in Resources */ = {isa = PBXBuildFile; fileRef = 2443DC6018D662CA00C920C1 /* InfoPlist.strings */; };
		2443DC6418D662CA00C920C1 /* main.m in Sources */ = {isa = PBXBuildFile; fileRef = 2443DC6318D662CA00C920C1 /* main.m */; };
		2443DC6818D662CA00C920C1 /* M2AppDelegate.m in Sources */ = {isa = PBXBuildFile; fileRef = 2443DC6718D662CA00C920C1 /* M2AppDelegate.m */; };
		2443DC6B18D662CA00C920C1 /* Main.storyboard in Resources */ = {isa = PBXBuildFile; fileRef = 2443DC6918D662CA00C920C1 /* Main.storyboard */; };
		2443DC7518D662CA00C920C1 /* Images.xcassets in Resources */ = {isa = PBXBuildFile; fileRef = 2443DC7418D662CA00C920C1 /* Images.xcassets */; };
		2443DC7C18D662CA00C920C1 /* XCTest.framework in Frameworks */ = {isa = PBXBuildFile; fileRef = 2443DC7B18D662CA00C920C1 /* XCTest.framework */; };
		2443DC7D18D662CA00C920C1 /* Foundation.framework in Frameworks */ = {isa = PBXBuildFile; fileRef = 2443DC5518D662CA00C920C1 /* Foundation.framework */; };
		2443DC7E18D662CA00C920C1 /* UIKit.framework in Frameworks */ = {isa = PBXBuildFile; fileRef = 2443DC5918D662CA00C920C1 /* UIKit.framework */; };
		2443DC8618D662CA00C920C1 /* InfoPlist.strings in Resources */ = {isa = PBXBuildFile; fileRef = 2443DC8418D662CA00C920C1 /* InfoPlist.strings */; };
		2443DC8818D662CA00C920C1 /* m2048Tests.m in Sources */ = {isa = PBXBuildFile; fileRef = 2443DC8718D662CA00C920C1 /* m2048Tests.m */; };
		2443DC9A18D663FC00C920C1 /* M2Scene.m in Sources */ = {isa = PBXBuildFile; fileRef = 2443DC9618D663FC00C920C1 /* M2Scene.m */; };
		2443DC9B18D663FC00C920C1 /* M2GameManager.m in Sources */ = {isa = PBXBuildFile; fileRef = 2443DC9918D663FC00C920C1 /* M2GameManager.m */; };
		2443DCA018D6647000C920C1 /* M2SettingsViewController.m in Sources */ = {isa = PBXBuildFile; fileRef = 2443DC9F18D6647000C920C1 /* M2SettingsViewController.m */; };
		2443DCA318D6649500C920C1 /* M2Theme.m in Sources */ = {isa = PBXBuildFile; fileRef = 2443DCA218D6649500C920C1 /* M2Theme.m */; };
		2443DCA618D66CCC00C920C1 /* M2ViewController.m in Sources */ = {isa = PBXBuildFile; fileRef = 2443DCA518D66CCC00C920C1 /* M2ViewController.m */; };
		2443DCAF18D6C18400C920C1 /* M2Tile.m in Sources */ = {isa = PBXBuildFile; fileRef = 2443DCAE18D6C18400C920C1 /* M2Tile.m */; };
		24C4515B18D6DC4A0001FCFD /* M2Cell.m in Sources */ = {isa = PBXBuildFile; fileRef = 24C4515A18D6DC4A0001FCFD /* M2Cell.m */; };
		24C4515E18D6DC740001FCFD /* M2Grid.m in Sources */ = {isa = PBXBuildFile; fileRef = 24C4515D18D6DC740001FCFD /* M2Grid.m */; };
		24C4516418DABABE0001FCFD /* M2GlobalState.m in Sources */ = {isa = PBXBuildFile; fileRef = 24C4516218DABABE0001FCFD /* M2GlobalState.m */; };
		24C4516818DD64A90001FCFD /* M2GridView.m in Sources */ = {isa = PBXBuildFile; fileRef = 24C4516718DD64A90001FCFD /* M2GridView.m */; };
		24C4517018DFF10B0001FCFD /* M2ScoreView.m in Sources */ = {isa = PBXBuildFile; fileRef = 24C4516F18DFF10B0001FCFD /* M2ScoreView.m */; };
		24C4517318E140AE0001FCFD /* M2SettingsDetailViewController.m in Sources */ = {isa = PBXBuildFile; fileRef = 24C4517218E140AE0001FCFD /* M2SettingsDetailViewController.m */; };
		24C4518118E265390001FCFD /* M2Overlay.m in Sources */ = {isa = PBXBuildFile; fileRef = 24C4518018E265390001FCFD /* M2Overlay.m */; };
		5D454691199C91BA00DA98D3 /* CopyConnection.framework in Frameworks */ = {isa = PBXBuildFile; fileRef = 5D45463C199C91BA00DA98D3 /* CopyConnection.framework */; };
		5D454692199C91BA00DA98D3 /* DouBanConnection.framework in Frameworks */ = {isa = PBXBuildFile; fileRef = 5D45463D199C91BA00DA98D3 /* DouBanConnection.framework */; };
		5D454693199C91BA00DA98D3 /* DropboxConnection.framework in Frameworks */ = {isa = PBXBuildFile; fileRef = 5D45463E199C91BA00DA98D3 /* DropboxConnection.framework */; };
		5D454694199C91BA00DA98D3 /* EverNoteConnection.framework in Frameworks */ = {isa = PBXBuildFile; fileRef = 5D45463F199C91BA00DA98D3 /* EverNoteConnection.framework */; };
		5D454696199C91BA00DA98D3 /* FlickrConnection.framework in Frameworks */ = {isa = PBXBuildFile; fileRef = 5D454641199C91BA00DA98D3 /* FlickrConnection.framework */; };
		5D454697199C91BA00DA98D3 /* GooglePlusConnection.framework in Frameworks */ = {isa = PBXBuildFile; fileRef = 5D454642199C91BA00DA98D3 /* GooglePlusConnection.framework */; };
		5D45469A199C91BA00DA98D3 /* InstapaperResource.bundle in Resources */ = {isa = PBXBuildFile; fileRef = 5D454645199C91BA00DA98D3 /* InstapaperResource.bundle */; };
		5D45469C199C91BA00DA98D3 /* LineConnection.framework in Frameworks */ = {isa = PBXBuildFile; fileRef = 5D454647199C91BA00DA98D3 /* LineConnection.framework */; };
		5D45469D199C91BA00DA98D3 /* LinkedInConnection.framework in Frameworks */ = {isa = PBXBuildFile; fileRef = 5D454648199C91BA00DA98D3 /* LinkedInConnection.framework */; };
		5D45469E199C91BA00DA98D3 /* MailConnection.framework in Frameworks */ = {isa = PBXBuildFile; fileRef = 5D454649199C91BA00DA98D3 /* MailConnection.framework */; };
		5D45469F199C91BA00DA98D3 /* MingDaoConnection.framework in Frameworks */ = {isa = PBXBuildFile; fileRef = 5D45464A199C91BA00DA98D3 /* MingDaoConnection.framework */; };
		5D4546A0199C91BA00DA98D3 /* PinterestConnection.framework in Frameworks */ = {isa = PBXBuildFile; fileRef = 5D45464B199C91BA00DA98D3 /* PinterestConnection.framework */; };
		5D4546A1199C91BA00DA98D3 /* PocketConnection.framework in Frameworks */ = {isa = PBXBuildFile; fileRef = 5D45464C199C91BA00DA98D3 /* PocketConnection.framework */; };
		5D4546A2199C91BA00DA98D3 /* PrintConnection.framework in Frameworks */ = {isa = PBXBuildFile; fileRef = 5D45464D199C91BA00DA98D3 /* PrintConnection.framework */; };
		5D4546A3199C91BA00DA98D3 /* QQConnection.framework in Frameworks */ = {isa = PBXBuildFile; fileRef = 5D45464E199C91BA00DA98D3 /* QQConnection.framework */; };
		5D4546A4199C91BA00DA98D3 /* QZoneConnection.framework in Frameworks */ = {isa = PBXBuildFile; fileRef = 5D45464F199C91BA00DA98D3 /* QZoneConnection.framework */; };
		5D4546A5199C91BA00DA98D3 /* RenRenConnection.framework in Frameworks */ = {isa = PBXBuildFile; fileRef = 5D454650199C91BA00DA98D3 /* RenRenConnection.framework */; };
		5D4546A6199C91BA00DA98D3 /* SinaWeiboConnection.framework in Frameworks */ = {isa = PBXBuildFile; fileRef = 5D454651199C91BA00DA98D3 /* SinaWeiboConnection.framework */; };
		5D4546A7199C91BA00DA98D3 /* SMSConnection.framework in Frameworks */ = {isa = PBXBuildFile; fileRef = 5D454652199C91BA00DA98D3 /* SMSConnection.framework */; };
		5D4546A8199C91BA00DA98D3 /* SohuConnection.framework in Frameworks */ = {isa = PBXBuildFile; fileRef = 5D454653199C91BA00DA98D3 /* SohuConnection.framework */; };
		5D4546AA199C91BA00DA98D3 /* T163WeiboConnection.framework in Frameworks */ = {isa = PBXBuildFile; fileRef = 5D454655199C91BA00DA98D3 /* T163WeiboConnection.framework */; };
		5D4546AB199C91BA00DA98D3 /* TencentWeiboConnection.framework in Frameworks */ = {isa = PBXBuildFile; fileRef = 5D454656199C91BA00DA98D3 /* TencentWeiboConnection.framework */; };
		5D4546AC199C91BA00DA98D3 /* TumblrConnection.framework in Frameworks */ = {isa = PBXBuildFile; fileRef = 5D454657199C91BA00DA98D3 /* TumblrConnection.framework */; };
		5D4546AD199C91BA00DA98D3 /* TwitterConnection.framework in Frameworks */ = {isa = PBXBuildFile; fileRef = 5D454658199C91BA00DA98D3 /* TwitterConnection.framework */; };
		5D4546AF199C91BA00DA98D3 /* WeChatConnection.framework in Frameworks */ = {isa = PBXBuildFile; fileRef = 5D45465A199C91BA00DA98D3 /* WeChatConnection.framework */; };
		5D4546B0199C91BA00DA98D3 /* WhatsAppConnection.framework in Frameworks */ = {isa = PBXBuildFile; fileRef = 5D45465B199C91BA00DA98D3 /* WhatsAppConnection.framework */; };
		5D4546B1199C91BA00DA98D3 /* YiXinConnection.framework in Frameworks */ = {isa = PBXBuildFile; fileRef = 5D45465C199C91BA00DA98D3 /* YiXinConnection.framework */; };
		5D4546B2199C91BA00DA98D3 /* YouDaoNoteConnection.framework in Frameworks */ = {isa = PBXBuildFile; fileRef = 5D45465D199C91BA00DA98D3 /* YouDaoNoteConnection.framework */; };
		5D4546B3199C91BA00DA98D3 /* AGCommon.framework in Frameworks */ = {isa = PBXBuildFile; fileRef = 5D45465F199C91BA00DA98D3 /* AGCommon.framework */; };
		5D4546B4199C91BA00DA98D3 /* ShareSDKLocalizable.strings in Resources */ = {isa = PBXBuildFile; fileRef = 5D454660199C91BA00DA98D3 /* ShareSDKLocalizable.strings */; };
		5D4546B5199C91BA00DA98D3 /* Resource.bundle in Resources */ = {isa = PBXBuildFile; fileRef = 5D454662199C91BA00DA98D3 /* Resource.bundle */; };
		5D4546B6199C91BA00DA98D3 /* ShareSDKCoreService.framework in Frameworks */ = {isa = PBXBuildFile; fileRef = 5D454663199C91BA00DA98D3 /* ShareSDKCoreService.framework */; };
		5D4546B7199C91BA00DA98D3 /* GoogleOpenSource.framework in Frameworks */ = {isa = PBXBuildFile; fileRef = 5D454667199C91BA00DA98D3 /* GoogleOpenSource.framework */; };
		5D4546B8199C91BA00DA98D3 /* GooglePlus.bundle in Resources */ = {isa = PBXBuildFile; fileRef = 5D454668199C91BA00DA98D3 /* GooglePlus.bundle */; };
		5D4546B9199C91BA00DA98D3 /* GooglePlus.framework in Frameworks */ = {isa = PBXBuildFile; fileRef = 5D454669199C91BA00DA98D3 /* GooglePlus.framework */; };
		5D4546BA199C91BA00DA98D3 /* Pinterest.framework in Frameworks */ = {isa = PBXBuildFile; fileRef = 5D45466B199C91BA00DA98D3 /* Pinterest.framework */; };
		5D4546BB199C91BA00DA98D3 /* PinterestSDKResources.bundle in Resources */ = {isa = PBXBuildFile; fileRef = 5D45466D199C91BA00DA98D3 /* PinterestSDKResources.bundle */; };
		5D4546BC199C91BA00DA98D3 /* TencentOpenAPI.framework in Frameworks */ = {isa = PBXBuildFile; fileRef = 5D45466F199C91BA00DA98D3 /* TencentOpenAPI.framework */; };
		5D4546BD199C91BA00DA98D3 /* TencentOpenApi_IOS_Bundle.bundle in Resources */ = {isa = PBXBuildFile; fileRef = 5D454670199C91BA00DA98D3 /* TencentOpenApi_IOS_Bundle.bundle */; };
		5D4546BE199C91BA00DA98D3 /* RennSDK.bundle in Resources */ = {isa = PBXBuildFile; fileRef = 5D454672199C91BA00DA98D3 /* RennSDK.bundle */; };
		5D4546BF199C91BA00DA98D3 /* RennSDK.framework in Frameworks */ = {isa = PBXBuildFile; fileRef = 5D454673199C91BA00DA98D3 /* RennSDK.framework */; };
		5D4546C0199C91BA00DA98D3 /* libSinaWeiboSDK.a in Frameworks */ = {isa = PBXBuildFile; fileRef = 5D454675199C91BA00DA98D3 /* libSinaWeiboSDK.a */; };
		5D4546C1199C91BA00DA98D3 /* WeiboSDK.bundle in Resources */ = {isa = PBXBuildFile; fileRef = 5D454676199C91BA00DA98D3 /* WeiboSDK.bundle */; };
		5D4546C2199C91BA00DA98D3 /* libTCWeiboSDK.a in Frameworks */ = {isa = PBXBuildFile; fileRef = 5D454679199C91BA00DA98D3 /* libTCWeiboSDK.a */; };
		5D4546C3199C91BA00DA98D3 /* libWeChatSDK.a in Frameworks */ = {isa = PBXBuildFile; fileRef = 5D45467C199C91BA00DA98D3 /* libWeChatSDK.a */; };
		5D4546C4199C91BA00DA98D3 /* libYixinSDK.a in Frameworks */ = {isa = PBXBuildFile; fileRef = 5D454680199C91BA00DA98D3 /* libYixinSDK.a */; };
		5D4546C5199C91BA00DA98D3 /* ShareSDK.framework in Frameworks */ = {isa = PBXBuildFile; fileRef = 5D454683199C91BA00DA98D3 /* ShareSDK.framework */; };
		5D4546C6199C91BA00DA98D3 /* ShareSDKFlatShareViewUI.bundle in Resources */ = {isa = PBXBuildFile; fileRef = 5D454685199C91BA00DA98D3 /* ShareSDKFlatShareViewUI.bundle */; };
		5D4546C7199C91BA00DA98D3 /* ShareSDKFlatShareViewUI.framework in Frameworks */ = {isa = PBXBuildFile; fileRef = 5D454686199C91BA00DA98D3 /* ShareSDKFlatShareViewUI.framework */; };
		5D4546C8199C91BA00DA98D3 /* ShareSDKiPadDefaultShareViewUI.bundle in Resources */ = {isa = PBXBuildFile; fileRef = 5D454687199C91BA00DA98D3 /* ShareSDKiPadDefaultShareViewUI.bundle */; };
		5D4546C9199C91BA00DA98D3 /* ShareSDKiPadDefaultShareViewUI.framework in Frameworks */ = {isa = PBXBuildFile; fileRef = 5D454688199C91BA00DA98D3 /* ShareSDKiPadDefaultShareViewUI.framework */; };
		5D4546CA199C91BA00DA98D3 /* ShareSDKiPadSimpleShareViewUI.bundle in Resources */ = {isa = PBXBuildFile; fileRef = 5D454689199C91BA00DA98D3 /* ShareSDKiPadSimpleShareViewUI.bundle */; };
		5D4546CB199C91BA00DA98D3 /* ShareSDKiPadSimpleShareViewUI.framework in Frameworks */ = {isa = PBXBuildFile; fileRef = 5D45468A199C91BA00DA98D3 /* ShareSDKiPadSimpleShareViewUI.framework */; };
		5D4546CC199C91BA00DA98D3 /* ShareSDKiPhoneAppRecommendShareViewUI.framework in Frameworks */ = {isa = PBXBuildFile; fileRef = 5D45468B199C91BA00DA98D3 /* ShareSDKiPhoneAppRecommendShareViewUI.framework */; };
		5D4546CD199C91BA00DA98D3 /* ShareSDKiPhoneDefaultShareViewUI.bundle in Resources */ = {isa = PBXBuildFile; fileRef = 5D45468C199C91BA00DA98D3 /* ShareSDKiPhoneDefaultShareViewUI.bundle */; };
		5D4546CE199C91BA00DA98D3 /* ShareSDKiPhoneDefaultShareViewUI.framework in Frameworks */ = {isa = PBXBuildFile; fileRef = 5D45468D199C91BA00DA98D3 /* ShareSDKiPhoneDefaultShareViewUI.framework */; };
		5D4546CF199C91BA00DA98D3 /* ShareSDKiPhoneSimpleShareViewUI.bundle in Resources */ = {isa = PBXBuildFile; fileRef = 5D45468E199C91BA00DA98D3 /* ShareSDKiPhoneSimpleShareViewUI.bundle */; };
		5D4546D0199C91BA00DA98D3 /* ShareSDKiPhoneSimpleShareViewUI.framework in Frameworks */ = {isa = PBXBuildFile; fileRef = 5D45468F199C91BA00DA98D3 /* ShareSDKiPhoneSimpleShareViewUI.framework */; };
		5D4546D1199C91BA00DA98D3 /* ShareSDKShareActionSheet.framework in Frameworks */ = {isa = PBXBuildFile; fileRef = 5D454690199C91BA00DA98D3 /* ShareSDKShareActionSheet.framework */; };
		5D4546D3199C934300DA98D3 /* CoreMedia.framework in Frameworks */ = {isa = PBXBuildFile; fileRef = 5D4546D2199C934300DA98D3 /* CoreMedia.framework */; };
		5D4546D5199C937A00DA98D3 /* MessageUI.framework in Frameworks */ = {isa = PBXBuildFile; fileRef = 5D4546D4199C937A00DA98D3 /* MessageUI.framework */; };
		5D4EB64D1999FAEC00CBE58C /* CoreTelephony.framework in Frameworks */ = {isa = PBXBuildFile; fileRef = 5D4EB64C1999FAEC00CBE58C /* CoreTelephony.framework */; };
		5D4EB64F1999FB0A00CBE58C /* Security.framework in Frameworks */ = {isa = PBXBuildFile; fileRef = 5D4EB64E1999FB0A00CBE58C /* Security.framework */; };
		5D4EB6511999FB1300CBE58C /* libz.dylib in Frameworks */ = {isa = PBXBuildFile; fileRef = 5D4EB6501999FB1300CBE58C /* libz.dylib */; };
		5D4EB6531999FB2400CBE58C /* libicucore.dylib in Frameworks */ = {isa = PBXBuildFile; fileRef = 5D4EB6521999FB2400CBE58C /* libicucore.dylib */; };
		5D4EB6551999FB3200CBE58C /* libstdc++.dylib in Frameworks */ = {isa = PBXBuildFile; fileRef = 5D4EB6541999FB3200CBE58C /* libstdc++.dylib */; };
		5D4EB6571999FB4000CBE58C /* libsqlite3.dylib in Frameworks */ = {isa = PBXBuildFile; fileRef = 5D4EB6561999FB4000CBE58C /* libsqlite3.dylib */; };
		5D4EB65A199A071A00CBE58C /* share.png in Resources */ = {isa = PBXBuildFile; fileRef = 5D4EB658199A071A00CBE58C /* share.png */; };
		5D4EB65B199A071A00CBE58C /* undo.png in Resources */ = {isa = PBXBuildFile; fileRef = 5D4EB659199A071A00CBE58C /* undo.png */; };
		5D4EB65D199A094800CBE58C /* shareNoOutline.png in Resources */ = {isa = PBXBuildFile; fileRef = 5D4EB65C199A094800CBE58C /* shareNoOutline.png */; };
		5D58268F19988A3900F5C14C /* libFlurry_5.2.0.a in Frameworks */ = {isa = PBXBuildFile; fileRef = 5D58268E19988A3900F5C14C /* libFlurry_5.2.0.a */; };
		5D58269219988C3C00F5C14C /* SystemConfiguration.framework in Frameworks */ = {isa = PBXBuildFile; fileRef = 5D58269119988C3C00F5C14C /* SystemConfiguration.framework */; };
		5D70126A19850C7A00D7DA15 /* merge.sks in Resources */ = {isa = PBXBuildFile; fileRef = 5D70126819850C7A00D7DA15 /* merge.sks */; };
		5D70126B19850C7A00D7DA15 /* spark.png in Resources */ = {isa = PBXBuildFile; fileRef = 5D70126919850C7A00D7DA15 /* spark.png */; };
		5D7012751985563600D7DA15 /* Localizable.strings in Resources */ = {isa = PBXBuildFile; fileRef = 5D7012771985563600D7DA15 /* Localizable.strings */; };
		5D7B8EB719AD94C7001E94D4 /* StoreKit.framework in Frameworks */ = {isa = PBXBuildFile; fileRef = 5D7B8EB619AD94C7001E94D4 /* StoreKit.framework */; };
		5D7B8EB919AD9896001E94D4 /* AddressBook.framework in Frameworks */ = {isa = PBXBuildFile; fileRef = 5D7B8EB819AD9896001E94D4 /* AddressBook.framework */; };
		5D7B8EBB19AD989E001E94D4 /* AddressBookUI.framework in Frameworks */ = {isa = PBXBuildFile; fileRef = 5D7B8EBA19AD989E001E94D4 /* AddressBookUI.framework */; };
		5D7B8EBD19AD98BF001E94D4 /* MediaPlayer.framework in Frameworks */ = {isa = PBXBuildFile; fileRef = 5D7B8EBC19AD98BE001E94D4 /* MediaPlayer.framework */; };
		5D7B8EBF19AD98DA001E94D4 /* CoreMotion.framework in Frameworks */ = {isa = PBXBuildFile; fileRef = 5D7B8EBE19AD98DA001E94D4 /* CoreMotion.framework */; };
		5D7B8EC119AD98FB001E94D4 /* AssetsLibrary.framework in Frameworks */ = {isa = PBXBuildFile; fileRef = 5D7B8EC019AD98FB001E94D4 /* AssetsLibrary.framework */; };
		5D7B8EC319AD9961001E94D4 /* CoreLocation.framework in Frameworks */ = {isa = PBXBuildFile; fileRef = 5D7B8EC219AD9961001E94D4 /* CoreLocation.framework */; };
		5DAAD16A199DFEF400F22EBE /* UIView+getImage.m in Sources */ = {isa = PBXBuildFile; fileRef = 5DAAD169199DFEF400F22EBE /* UIView+getImage.m */; };
		5DADA71F1978EB6A00DAC071 /* Strings.strings in Resources */ = {isa = PBXBuildFile; fileRef = 5DADA7211978EB6A00DAC071 /* Strings.strings */; };
		D0786025A08D4C5C973DDB79 /* libPods.a in Frameworks */ = {isa = PBXBuildFile; fileRef = B9BB32D4E75D4A3F98AE1126 /* libPods.a */; };
/* End PBXBuildFile section */

/* Begin PBXContainerItemProxy section */
		2443DC7F18D662CA00C920C1 /* PBXContainerItemProxy */ = {
			isa = PBXContainerItemProxy;
			containerPortal = 2443DC4A18D662CA00C920C1 /* Project object */;
			proxyType = 1;
			remoteGlobalIDString = 2443DC5118D662CA00C920C1;
			remoteInfo = m2048;
		};
/* End PBXContainerItemProxy section */

/* Begin PBXFileReference section */
		2443DC5218D662CA00C920C1 /* m2048.app */ = {isa = PBXFileReference; explicitFileType = wrapper.application; includeInIndex = 0; path = m2048.app; sourceTree = BUILT_PRODUCTS_DIR; };
		2443DC5518D662CA00C920C1 /* Foundation.framework */ = {isa = PBXFileReference; lastKnownFileType = wrapper.framework; name = Foundation.framework; path = System/Library/Frameworks/Foundation.framework; sourceTree = SDKROOT; };
		2443DC5718D662CA00C920C1 /* CoreGraphics.framework */ = {isa = PBXFileReference; lastKnownFileType = wrapper.framework; name = CoreGraphics.framework; path = System/Library/Frameworks/CoreGraphics.framework; sourceTree = SDKROOT; };
		2443DC5918D662CA00C920C1 /* UIKit.framework */ = {isa = PBXFileReference; lastKnownFileType = wrapper.framework; name = UIKit.framework; path = System/Library/Frameworks/UIKit.framework; sourceTree = SDKROOT; };
		2443DC5B18D662CA00C920C1 /* SpriteKit.framework */ = {isa = PBXFileReference; lastKnownFileType = wrapper.framework; name = SpriteKit.framework; path = System/Library/Frameworks/SpriteKit.framework; sourceTree = SDKROOT; };
		2443DC5F18D662CA00C920C1 /* m2048-Info.plist */ = {isa = PBXFileReference; lastKnownFileType = text.plist.xml; path = "m2048-Info.plist"; sourceTree = "<group>"; };
		2443DC6118D662CA00C920C1 /* en */ = {isa = PBXFileReference; lastKnownFileType = text.plist.strings; name = en; path = en.lproj/InfoPlist.strings; sourceTree = "<group>"; };
		2443DC6318D662CA00C920C1 /* main.m */ = {isa = PBXFileReference; lastKnownFileType = sourcecode.c.objc; path = main.m; sourceTree = "<group>"; };
		2443DC6518D662CA00C920C1 /* m2048-Prefix.pch */ = {isa = PBXFileReference; lastKnownFileType = sourcecode.c.h; path = "m2048-Prefix.pch"; sourceTree = "<group>"; };
		2443DC6618D662CA00C920C1 /* M2AppDelegate.h */ = {isa = PBXFileReference; lastKnownFileType = sourcecode.c.h; path = M2AppDelegate.h; sourceTree = "<group>"; };
		2443DC6718D662CA00C920C1 /* M2AppDelegate.m */ = {isa = PBXFileReference; lastKnownFileType = sourcecode.c.objc; path = M2AppDelegate.m; sourceTree = "<group>"; };
		2443DC6A18D662CA00C920C1 /* Base */ = {isa = PBXFileReference; lastKnownFileType = file.storyboard; name = Base; path = Base.lproj/Main.storyboard; sourceTree = "<group>"; };
		2443DC7418D662CA00C920C1 /* Images.xcassets */ = {isa = PBXFileReference; lastKnownFileType = folder.assetcatalog; path = Images.xcassets; sourceTree = "<group>"; };
		2443DC7A18D662CA00C920C1 /* m2048Tests.xctest */ = {isa = PBXFileReference; explicitFileType = wrapper.cfbundle; includeInIndex = 0; path = m2048Tests.xctest; sourceTree = BUILT_PRODUCTS_DIR; };
		2443DC7B18D662CA00C920C1 /* XCTest.framework */ = {isa = PBXFileReference; lastKnownFileType = wrapper.framework; name = XCTest.framework; path = Library/Frameworks/XCTest.framework; sourceTree = DEVELOPER_DIR; };
		2443DC8318D662CA00C920C1 /* m2048Tests-Info.plist */ = {isa = PBXFileReference; lastKnownFileType = text.plist.xml; path = "m2048Tests-Info.plist"; sourceTree = "<group>"; };
		2443DC8518D662CA00C920C1 /* en */ = {isa = PBXFileReference; lastKnownFileType = text.plist.strings; name = en; path = en.lproj/InfoPlist.strings; sourceTree = "<group>"; };
		2443DC8718D662CA00C920C1 /* m2048Tests.m */ = {isa = PBXFileReference; lastKnownFileType = sourcecode.c.objc; path = m2048Tests.m; sourceTree = "<group>"; };
		2443DC9518D663FC00C920C1 /* M2Scene.h */ = {isa = PBXFileReference; fileEncoding = 4; lastKnownFileType = sourcecode.c.h; path = M2Scene.h; sourceTree = "<group>"; };
		2443DC9618D663FC00C920C1 /* M2Scene.m */ = {isa = PBXFileReference; fileEncoding = 4; lastKnownFileType = sourcecode.c.objc; path = M2Scene.m; sourceTree = "<group>"; };
		2443DC9818D663FC00C920C1 /* M2GameManager.h */ = {isa = PBXFileReference; fileEncoding = 4; lastKnownFileType = sourcecode.c.h; path = M2GameManager.h; sourceTree = "<group>"; };
		2443DC9918D663FC00C920C1 /* M2GameManager.m */ = {isa = PBXFileReference; fileEncoding = 4; lastKnownFileType = sourcecode.c.objc; path = M2GameManager.m; sourceTree = "<group>"; };
		2443DC9E18D6647000C920C1 /* M2SettingsViewController.h */ = {isa = PBXFileReference; fileEncoding = 4; lastKnownFileType = sourcecode.c.h; path = M2SettingsViewController.h; sourceTree = "<group>"; };
		2443DC9F18D6647000C920C1 /* M2SettingsViewController.m */ = {isa = PBXFileReference; fileEncoding = 4; lastKnownFileType = sourcecode.c.objc; path = M2SettingsViewController.m; sourceTree = "<group>"; };
		2443DCA118D6649500C920C1 /* M2Theme.h */ = {isa = PBXFileReference; fileEncoding = 4; lastKnownFileType = sourcecode.c.h; path = M2Theme.h; sourceTree = "<group>"; };
		2443DCA218D6649500C920C1 /* M2Theme.m */ = {isa = PBXFileReference; fileEncoding = 4; lastKnownFileType = sourcecode.c.objc; path = M2Theme.m; sourceTree = "<group>"; };
		2443DCA418D66CCC00C920C1 /* M2ViewController.h */ = {isa = PBXFileReference; fileEncoding = 4; lastKnownFileType = sourcecode.c.h; path = M2ViewController.h; sourceTree = "<group>"; };
		2443DCA518D66CCC00C920C1 /* M2ViewController.m */ = {isa = PBXFileReference; fileEncoding = 4; lastKnownFileType = sourcecode.c.objc; path = M2ViewController.m; sourceTree = "<group>"; };
		2443DCAD18D6C18400C920C1 /* M2Tile.h */ = {isa = PBXFileReference; fileEncoding = 4; lastKnownFileType = sourcecode.c.h; path = M2Tile.h; sourceTree = "<group>"; };
		2443DCAE18D6C18400C920C1 /* M2Tile.m */ = {isa = PBXFileReference; fileEncoding = 4; lastKnownFileType = sourcecode.c.objc; path = M2Tile.m; sourceTree = "<group>"; };
		24C4515918D6DC4A0001FCFD /* M2Cell.h */ = {isa = PBXFileReference; fileEncoding = 4; lastKnownFileType = sourcecode.c.h; path = M2Cell.h; sourceTree = "<group>"; };
		24C4515A18D6DC4A0001FCFD /* M2Cell.m */ = {isa = PBXFileReference; fileEncoding = 4; lastKnownFileType = sourcecode.c.objc; path = M2Cell.m; sourceTree = "<group>"; };
		24C4515C18D6DC740001FCFD /* M2Grid.h */ = {isa = PBXFileReference; fileEncoding = 4; lastKnownFileType = sourcecode.c.h; path = M2Grid.h; sourceTree = "<group>"; };
		24C4515D18D6DC740001FCFD /* M2Grid.m */ = {isa = PBXFileReference; fileEncoding = 4; lastKnownFileType = sourcecode.c.objc; path = M2Grid.m; sourceTree = "<group>"; };
		24C4516118DABABE0001FCFD /* M2GlobalState.h */ = {isa = PBXFileReference; fileEncoding = 4; lastKnownFileType = sourcecode.c.h; path = M2GlobalState.h; sourceTree = "<group>"; };
		24C4516218DABABE0001FCFD /* M2GlobalState.m */ = {isa = PBXFileReference; fileEncoding = 4; lastKnownFileType = sourcecode.c.objc; path = M2GlobalState.m; sourceTree = "<group>"; };
		24C4516318DABABE0001FCFD /* M2Position.h */ = {isa = PBXFileReference; fileEncoding = 4; lastKnownFileType = sourcecode.c.h; path = M2Position.h; sourceTree = "<group>"; };
		24C4516618DD64A90001FCFD /* M2GridView.h */ = {isa = PBXFileReference; fileEncoding = 4; lastKnownFileType = sourcecode.c.h; path = M2GridView.h; sourceTree = "<group>"; };
		24C4516718DD64A90001FCFD /* M2GridView.m */ = {isa = PBXFileReference; fileEncoding = 4; lastKnownFileType = sourcecode.c.objc; path = M2GridView.m; sourceTree = "<group>"; };
		24C4516E18DFF10B0001FCFD /* M2ScoreView.h */ = {isa = PBXFileReference; fileEncoding = 4; lastKnownFileType = sourcecode.c.h; path = M2ScoreView.h; sourceTree = "<group>"; };
		24C4516F18DFF10B0001FCFD /* M2ScoreView.m */ = {isa = PBXFileReference; fileEncoding = 4; lastKnownFileType = sourcecode.c.objc; path = M2ScoreView.m; sourceTree = "<group>"; };
		24C4517118E140AE0001FCFD /* M2SettingsDetailViewController.h */ = {isa = PBXFileReference; fileEncoding = 4; lastKnownFileType = sourcecode.c.h; path = M2SettingsDetailViewController.h; sourceTree = "<group>"; };
		24C4517218E140AE0001FCFD /* M2SettingsDetailViewController.m */ = {isa = PBXFileReference; fileEncoding = 4; lastKnownFileType = sourcecode.c.objc; path = M2SettingsDetailViewController.m; sourceTree = "<group>"; };
		24C4517F18E265390001FCFD /* M2Overlay.h */ = {isa = PBXFileReference; fileEncoding = 4; lastKnownFileType = sourcecode.c.h; path = M2Overlay.h; sourceTree = "<group>"; };
		24C4518018E265390001FCFD /* M2Overlay.m */ = {isa = PBXFileReference; fileEncoding = 4; lastKnownFileType = sourcecode.c.objc; path = M2Overlay.m; sourceTree = "<group>"; };
		5D45463C199C91BA00DA98D3 /* CopyConnection.framework */ = {isa = PBXFileReference; lastKnownFileType = wrapper.framework; path = CopyConnection.framework; sourceTree = "<group>"; };
		5D45463D199C91BA00DA98D3 /* DouBanConnection.framework */ = {isa = PBXFileReference; lastKnownFileType = wrapper.framework; path = DouBanConnection.framework; sourceTree = "<group>"; };
		5D45463E199C91BA00DA98D3 /* DropboxConnection.framework */ = {isa = PBXFileReference; lastKnownFileType = wrapper.framework; path = DropboxConnection.framework; sourceTree = "<group>"; };
		5D45463F199C91BA00DA98D3 /* EverNoteConnection.framework */ = {isa = PBXFileReference; lastKnownFileType = wrapper.framework; path = EverNoteConnection.framework; sourceTree = "<group>"; };
		5D454640199C91BA00DA98D3 /* FacebookConnection.framework */ = {isa = PBXFileReference; lastKnownFileType = wrapper.framework; path = FacebookConnection.framework; sourceTree = "<group>"; };
		5D454641199C91BA00DA98D3 /* FlickrConnection.framework */ = {isa = PBXFileReference; lastKnownFileType = wrapper.framework; path = FlickrConnection.framework; sourceTree = "<group>"; };
		5D454642199C91BA00DA98D3 /* GooglePlusConnection.framework */ = {isa = PBXFileReference; lastKnownFileType = wrapper.framework; path = GooglePlusConnection.framework; sourceTree = "<group>"; };
		5D454643199C91BA00DA98D3 /* InstagramConnection.framework */ = {isa = PBXFileReference; lastKnownFileType = wrapper.framework; path = InstagramConnection.framework; sourceTree = "<group>"; };
		5D454644199C91BA00DA98D3 /* InstapaperConnection.framework */ = {isa = PBXFileReference; lastKnownFileType = wrapper.framework; path = InstapaperConnection.framework; sourceTree = "<group>"; };
		5D454645199C91BA00DA98D3 /* InstapaperResource.bundle */ = {isa = PBXFileReference; lastKnownFileType = "wrapper.plug-in"; path = InstapaperResource.bundle; sourceTree = "<group>"; };
		5D454646199C91BA00DA98D3 /* KaiXinConnection.framework */ = {isa = PBXFileReference; lastKnownFileType = wrapper.framework; path = KaiXinConnection.framework; sourceTree = "<group>"; };
		5D454647199C91BA00DA98D3 /* LineConnection.framework */ = {isa = PBXFileReference; lastKnownFileType = wrapper.framework; path = LineConnection.framework; sourceTree = "<group>"; };
		5D454648199C91BA00DA98D3 /* LinkedInConnection.framework */ = {isa = PBXFileReference; lastKnownFileType = wrapper.framework; path = LinkedInConnection.framework; sourceTree = "<group>"; };
		5D454649199C91BA00DA98D3 /* MailConnection.framework */ = {isa = PBXFileReference; lastKnownFileType = wrapper.framework; path = MailConnection.framework; sourceTree = "<group>"; };
		5D45464A199C91BA00DA98D3 /* MingDaoConnection.framework */ = {isa = PBXFileReference; lastKnownFileType = wrapper.framework; path = MingDaoConnection.framework; sourceTree = "<group>"; };
		5D45464B199C91BA00DA98D3 /* PinterestConnection.framework */ = {isa = PBXFileReference; lastKnownFileType = wrapper.framework; path = PinterestConnection.framework; sourceTree = "<group>"; };
		5D45464C199C91BA00DA98D3 /* PocketConnection.framework */ = {isa = PBXFileReference; lastKnownFileType = wrapper.framework; path = PocketConnection.framework; sourceTree = "<group>"; };
		5D45464D199C91BA00DA98D3 /* PrintConnection.framework */ = {isa = PBXFileReference; lastKnownFileType = wrapper.framework; path = PrintConnection.framework; sourceTree = "<group>"; };
		5D45464E199C91BA00DA98D3 /* QQConnection.framework */ = {isa = PBXFileReference; lastKnownFileType = wrapper.framework; path = QQConnection.framework; sourceTree = "<group>"; };
		5D45464F199C91BA00DA98D3 /* QZoneConnection.framework */ = {isa = PBXFileReference; lastKnownFileType = wrapper.framework; path = QZoneConnection.framework; sourceTree = "<group>"; };
		5D454650199C91BA00DA98D3 /* RenRenConnection.framework */ = {isa = PBXFileReference; lastKnownFileType = wrapper.framework; path = RenRenConnection.framework; sourceTree = "<group>"; };
		5D454651199C91BA00DA98D3 /* SinaWeiboConnection.framework */ = {isa = PBXFileReference; lastKnownFileType = wrapper.framework; path = SinaWeiboConnection.framework; sourceTree = "<group>"; };
		5D454652199C91BA00DA98D3 /* SMSConnection.framework */ = {isa = PBXFileReference; lastKnownFileType = wrapper.framework; path = SMSConnection.framework; sourceTree = "<group>"; };
		5D454653199C91BA00DA98D3 /* SohuConnection.framework */ = {isa = PBXFileReference; lastKnownFileType = wrapper.framework; path = SohuConnection.framework; sourceTree = "<group>"; };
		5D454654199C91BA00DA98D3 /* SohuWeiboConnection.framework */ = {isa = PBXFileReference; lastKnownFileType = wrapper.framework; path = SohuWeiboConnection.framework; sourceTree = "<group>"; };
		5D454655199C91BA00DA98D3 /* T163WeiboConnection.framework */ = {isa = PBXFileReference; lastKnownFileType = wrapper.framework; path = T163WeiboConnection.framework; sourceTree = "<group>"; };
		5D454656199C91BA00DA98D3 /* TencentWeiboConnection.framework */ = {isa = PBXFileReference; lastKnownFileType = wrapper.framework; path = TencentWeiboConnection.framework; sourceTree = "<group>"; };
		5D454657199C91BA00DA98D3 /* TumblrConnection.framework */ = {isa = PBXFileReference; lastKnownFileType = wrapper.framework; path = TumblrConnection.framework; sourceTree = "<group>"; };
		5D454658199C91BA00DA98D3 /* TwitterConnection.framework */ = {isa = PBXFileReference; lastKnownFileType = wrapper.framework; path = TwitterConnection.framework; sourceTree = "<group>"; };
		5D454659199C91BA00DA98D3 /* VKontakteConnection.framework */ = {isa = PBXFileReference; lastKnownFileType = wrapper.framework; path = VKontakteConnection.framework; sourceTree = "<group>"; };
		5D45465A199C91BA00DA98D3 /* WeChatConnection.framework */ = {isa = PBXFileReference; lastKnownFileType = wrapper.framework; path = WeChatConnection.framework; sourceTree = "<group>"; };
		5D45465B199C91BA00DA98D3 /* WhatsAppConnection.framework */ = {isa = PBXFileReference; lastKnownFileType = wrapper.framework; path = WhatsAppConnection.framework; sourceTree = "<group>"; };
		5D45465C199C91BA00DA98D3 /* YiXinConnection.framework */ = {isa = PBXFileReference; lastKnownFileType = wrapper.framework; path = YiXinConnection.framework; sourceTree = "<group>"; };
		5D45465D199C91BA00DA98D3 /* YouDaoNoteConnection.framework */ = {isa = PBXFileReference; lastKnownFileType = wrapper.framework; path = YouDaoNoteConnection.framework; sourceTree = "<group>"; };
		5D45465F199C91BA00DA98D3 /* AGCommon.framework */ = {isa = PBXFileReference; lastKnownFileType = wrapper.framework; path = AGCommon.framework; sourceTree = "<group>"; };
		5D454661199C91BA00DA98D3 /* en */ = {isa = PBXFileReference; lastKnownFileType = text.plist.strings; name = en; path = en.lproj/ShareSDKLocalizable.strings; sourceTree = "<group>"; };
		5D454662199C91BA00DA98D3 /* Resource.bundle */ = {isa = PBXFileReference; lastKnownFileType = "wrapper.plug-in"; path = Resource.bundle; sourceTree = "<group>"; };
		5D454663199C91BA00DA98D3 /* ShareSDKCoreService.framework */ = {isa = PBXFileReference; lastKnownFileType = wrapper.framework; path = ShareSDKCoreService.framework; sourceTree = "<group>"; };
		5D454664199C91BA00DA98D3 /* zh-Hans */ = {isa = PBXFileReference; lastKnownFileType = text.plist.strings; name = "zh-Hans"; path = "zh-Hans.lproj/ShareSDKLocalizable.strings"; sourceTree = "<group>"; };
		5D454667199C91BA00DA98D3 /* GoogleOpenSource.framework */ = {isa = PBXFileReference; lastKnownFileType = wrapper.framework; path = GoogleOpenSource.framework; sourceTree = "<group>"; };
		5D454668199C91BA00DA98D3 /* GooglePlus.bundle */ = {isa = PBXFileReference; lastKnownFileType = "wrapper.plug-in"; path = GooglePlus.bundle; sourceTree = "<group>"; };
		5D454669199C91BA00DA98D3 /* GooglePlus.framework */ = {isa = PBXFileReference; lastKnownFileType = wrapper.framework; path = GooglePlus.framework; sourceTree = "<group>"; };
		5D45466B199C91BA00DA98D3 /* Pinterest.framework */ = {isa = PBXFileReference; lastKnownFileType = wrapper.framework; path = Pinterest.framework; sourceTree = "<group>"; };
		5D45466D199C91BA00DA98D3 /* PinterestSDKResources.bundle */ = {isa = PBXFileReference; lastKnownFileType = "wrapper.plug-in"; path = PinterestSDKResources.bundle; sourceTree = "<group>"; };
		5D45466F199C91BA00DA98D3 /* TencentOpenAPI.framework */ = {isa = PBXFileReference; lastKnownFileType = wrapper.framework; path = TencentOpenAPI.framework; sourceTree = "<group>"; };
		5D454670199C91BA00DA98D3 /* TencentOpenApi_IOS_Bundle.bundle */ = {isa = PBXFileReference; lastKnownFileType = "wrapper.plug-in"; path = TencentOpenApi_IOS_Bundle.bundle; sourceTree = "<group>"; };
		5D454672199C91BA00DA98D3 /* RennSDK.bundle */ = {isa = PBXFileReference; lastKnownFileType = "wrapper.plug-in"; path = RennSDK.bundle; sourceTree = "<group>"; };
		5D454673199C91BA00DA98D3 /* RennSDK.framework */ = {isa = PBXFileReference; lastKnownFileType = wrapper.framework; path = RennSDK.framework; sourceTree = "<group>"; };
		5D454675199C91BA00DA98D3 /* libSinaWeiboSDK.a */ = {isa = PBXFileReference; lastKnownFileType = archive.ar; path = libSinaWeiboSDK.a; sourceTree = "<group>"; };
		5D454676199C91BA00DA98D3 /* WeiboSDK.bundle */ = {isa = PBXFileReference; lastKnownFileType = "wrapper.plug-in"; path = WeiboSDK.bundle; sourceTree = "<group>"; };
		5D454677199C91BA00DA98D3 /* WeiboSDK.h */ = {isa = PBXFileReference; fileEncoding = 4; lastKnownFileType = sourcecode.c.h; path = WeiboSDK.h; sourceTree = "<group>"; };
		5D454679199C91BA00DA98D3 /* libTCWeiboSDK.a */ = {isa = PBXFileReference; lastKnownFileType = archive.ar; path = libTCWeiboSDK.a; sourceTree = "<group>"; };
		5D45467A199C91BA00DA98D3 /* WeiboApi.h */ = {isa = PBXFileReference; fileEncoding = 4; lastKnownFileType = sourcecode.c.h; path = WeiboApi.h; sourceTree = "<group>"; };
		5D45467C199C91BA00DA98D3 /* libWeChatSDK.a */ = {isa = PBXFileReference; lastKnownFileType = archive.ar; path = libWeChatSDK.a; sourceTree = "<group>"; };
		5D45467D199C91BA00DA98D3 /* WXApi.h */ = {isa = PBXFileReference; fileEncoding = 4; lastKnownFileType = sourcecode.c.h; path = WXApi.h; sourceTree = "<group>"; };
		5D45467E199C91BA00DA98D3 /* WXApiObject.h */ = {isa = PBXFileReference; fileEncoding = 4; lastKnownFileType = sourcecode.c.h; path = WXApiObject.h; sourceTree = "<group>"; };
		5D454680199C91BA00DA98D3 /* libYixinSDK.a */ = {isa = PBXFileReference; lastKnownFileType = archive.ar; path = libYixinSDK.a; sourceTree = "<group>"; };
		5D454681199C91BA00DA98D3 /* YXApi.h */ = {isa = PBXFileReference; fileEncoding = 4; lastKnownFileType = sourcecode.c.h; path = YXApi.h; sourceTree = "<group>"; };
		5D454682199C91BA00DA98D3 /* YXApiObject.h */ = {isa = PBXFileReference; fileEncoding = 4; lastKnownFileType = sourcecode.c.h; path = YXApiObject.h; sourceTree = "<group>"; };
		5D454683199C91BA00DA98D3 /* ShareSDK.framework */ = {isa = PBXFileReference; lastKnownFileType = wrapper.framework; path = ShareSDK.framework; sourceTree = "<group>"; };
		5D454685199C91BA00DA98D3 /* ShareSDKFlatShareViewUI.bundle */ = {isa = PBXFileReference; lastKnownFileType = "wrapper.plug-in"; path = ShareSDKFlatShareViewUI.bundle; sourceTree = "<group>"; };
		5D454686199C91BA00DA98D3 /* ShareSDKFlatShareViewUI.framework */ = {isa = PBXFileReference; lastKnownFileType = wrapper.framework; path = ShareSDKFlatShareViewUI.framework; sourceTree = "<group>"; };
		5D454687199C91BA00DA98D3 /* ShareSDKiPadDefaultShareViewUI.bundle */ = {isa = PBXFileReference; lastKnownFileType = "wrapper.plug-in"; path = ShareSDKiPadDefaultShareViewUI.bundle; sourceTree = "<group>"; };
		5D454688199C91BA00DA98D3 /* ShareSDKiPadDefaultShareViewUI.framework */ = {isa = PBXFileReference; lastKnownFileType = wrapper.framework; path = ShareSDKiPadDefaultShareViewUI.framework; sourceTree = "<group>"; };
		5D454689199C91BA00DA98D3 /* ShareSDKiPadSimpleShareViewUI.bundle */ = {isa = PBXFileReference; lastKnownFileType = "wrapper.plug-in"; path = ShareSDKiPadSimpleShareViewUI.bundle; sourceTree = "<group>"; };
		5D45468A199C91BA00DA98D3 /* ShareSDKiPadSimpleShareViewUI.framework */ = {isa = PBXFileReference; lastKnownFileType = wrapper.framework; path = ShareSDKiPadSimpleShareViewUI.framework; sourceTree = "<group>"; };
		5D45468B199C91BA00DA98D3 /* ShareSDKiPhoneAppRecommendShareViewUI.framework */ = {isa = PBXFileReference; lastKnownFileType = wrapper.framework; path = ShareSDKiPhoneAppRecommendShareViewUI.framework; sourceTree = "<group>"; };
		5D45468C199C91BA00DA98D3 /* ShareSDKiPhoneDefaultShareViewUI.bundle */ = {isa = PBXFileReference; lastKnownFileType = "wrapper.plug-in"; path = ShareSDKiPhoneDefaultShareViewUI.bundle; sourceTree = "<group>"; };
		5D45468D199C91BA00DA98D3 /* ShareSDKiPhoneDefaultShareViewUI.framework */ = {isa = PBXFileReference; lastKnownFileType = wrapper.framework; path = ShareSDKiPhoneDefaultShareViewUI.framework; sourceTree = "<group>"; };
		5D45468E199C91BA00DA98D3 /* ShareSDKiPhoneSimpleShareViewUI.bundle */ = {isa = PBXFileReference; lastKnownFileType = "wrapper.plug-in"; path = ShareSDKiPhoneSimpleShareViewUI.bundle; sourceTree = "<group>"; };
		5D45468F199C91BA00DA98D3 /* ShareSDKiPhoneSimpleShareViewUI.framework */ = {isa = PBXFileReference; lastKnownFileType = wrapper.framework; path = ShareSDKiPhoneSimpleShareViewUI.framework; sourceTree = "<group>"; };
		5D454690199C91BA00DA98D3 /* ShareSDKShareActionSheet.framework */ = {isa = PBXFileReference; lastKnownFileType = wrapper.framework; path = ShareSDKShareActionSheet.framework; sourceTree = "<group>"; };
		5D4546D2199C934300DA98D3 /* CoreMedia.framework */ = {isa = PBXFileReference; lastKnownFileType = wrapper.framework; name = CoreMedia.framework; path = System/Library/Frameworks/CoreMedia.framework; sourceTree = SDKROOT; };
		5D4546D4199C937A00DA98D3 /* MessageUI.framework */ = {isa = PBXFileReference; lastKnownFileType = wrapper.framework; name = MessageUI.framework; path = System/Library/Frameworks/MessageUI.framework; sourceTree = SDKROOT; };
		5D4EB64C1999FAEC00CBE58C /* CoreTelephony.framework */ = {isa = PBXFileReference; lastKnownFileType = wrapper.framework; name = CoreTelephony.framework; path = System/Library/Frameworks/CoreTelephony.framework; sourceTree = SDKROOT; };
		5D4EB64E1999FB0A00CBE58C /* Security.framework */ = {isa = PBXFileReference; lastKnownFileType = wrapper.framework; name = Security.framework; path = System/Library/Frameworks/Security.framework; sourceTree = SDKROOT; };
		5D4EB6501999FB1300CBE58C /* libz.dylib */ = {isa = PBXFileReference; lastKnownFileType = "compiled.mach-o.dylib"; name = libz.dylib; path = usr/lib/libz.dylib; sourceTree = SDKROOT; };
		5D4EB6521999FB2400CBE58C /* libicucore.dylib */ = {isa = PBXFileReference; lastKnownFileType = "compiled.mach-o.dylib"; name = libicucore.dylib; path = usr/lib/libicucore.dylib; sourceTree = SDKROOT; };
		5D4EB6541999FB3200CBE58C /* libstdc++.dylib */ = {isa = PBXFileReference; lastKnownFileType = "compiled.mach-o.dylib"; name = "libstdc++.dylib"; path = "usr/lib/libstdc++.dylib"; sourceTree = SDKROOT; };
		5D4EB6561999FB4000CBE58C /* libsqlite3.dylib */ = {isa = PBXFileReference; lastKnownFileType = "compiled.mach-o.dylib"; name = libsqlite3.dylib; path = usr/lib/libsqlite3.dylib; sourceTree = SDKROOT; };
		5D4EB658199A071A00CBE58C /* share.png */ = {isa = PBXFileReference; lastKnownFileType = image.png; path = share.png; sourceTree = "<group>"; };
		5D4EB659199A071A00CBE58C /* undo.png */ = {isa = PBXFileReference; lastKnownFileType = image.png; path = undo.png; sourceTree = "<group>"; };
		5D4EB65C199A094800CBE58C /* shareNoOutline.png */ = {isa = PBXFileReference; lastKnownFileType = image.png; path = shareNoOutline.png; sourceTree = "<group>"; };
		5D566CEA1978F5AD002D0891 /* Base */ = {isa = PBXFileReference; lastKnownFileType = text.plist.strings; name = Base; path = Base.lproj/InfoPlist.strings; sourceTree = "<group>"; };
		5D566CF51978F691002D0891 /* zh-Hans */ = {isa = PBXFileReference; lastKnownFileType = text.plist.strings; name = "zh-Hans"; path = "zh-Hans.lproj/InfoPlist.strings"; sourceTree = "<group>"; };
		5D58268E19988A3900F5C14C /* libFlurry_5.2.0.a */ = {isa = PBXFileReference; lastKnownFileType = archive.ar; name = libFlurry_5.2.0.a; path = m2048/libFlurry_5.2.0.a; sourceTree = "<group>"; };
		5D58269019988B8D00F5C14C /* Flurry.h */ = {isa = PBXFileReference; fileEncoding = 4; lastKnownFileType = sourcecode.c.h; name = Flurry.h; path = m2048/Flurry.h; sourceTree = "<group>"; };
		5D58269119988C3C00F5C14C /* SystemConfiguration.framework */ = {isa = PBXFileReference; lastKnownFileType = wrapper.framework; name = SystemConfiguration.framework; path = System/Library/Frameworks/SystemConfiguration.framework; sourceTree = SDKROOT; };
		5D70126819850C7A00D7DA15 /* merge.sks */ = {isa = PBXFileReference; lastKnownFileType = file.sks; name = merge.sks; path = "Sprite Kit/merge.sks"; sourceTree = "<group>"; };
		5D70126919850C7A00D7DA15 /* spark.png */ = {isa = PBXFileReference; lastKnownFileType = image.png; name = spark.png; path = "Sprite Kit/spark.png"; sourceTree = "<group>"; };
		5D7012761985563600D7DA15 /* Base */ = {isa = PBXFileReference; lastKnownFileType = text.plist.strings; name = Base; path = Base.lproj/Localizable.strings; sourceTree = "<group>"; };
		5D7012781985563B00D7DA15 /* en */ = {isa = PBXFileReference; lastKnownFileType = text.plist.strings; name = en; path = en.lproj/Localizable.strings; sourceTree = "<group>"; };
		5D7012791985563D00D7DA15 /* zh-Hans */ = {isa = PBXFileReference; lastKnownFileType = text.plist.strings; name = "zh-Hans"; path = "zh-Hans.lproj/Localizable.strings"; sourceTree = "<group>"; };
		5D7B8EB619AD94C7001E94D4 /* StoreKit.framework */ = {isa = PBXFileReference; lastKnownFileType = wrapper.framework; name = StoreKit.framework; path = System/Library/Frameworks/StoreKit.framework; sourceTree = SDKROOT; };
		5D7B8EB819AD9896001E94D4 /* AddressBook.framework */ = {isa = PBXFileReference; lastKnownFileType = wrapper.framework; name = AddressBook.framework; path = System/Library/Frameworks/AddressBook.framework; sourceTree = SDKROOT; };
		5D7B8EBA19AD989E001E94D4 /* AddressBookUI.framework */ = {isa = PBXFileReference; lastKnownFileType = wrapper.framework; name = AddressBookUI.framework; path = System/Library/Frameworks/AddressBookUI.framework; sourceTree = SDKROOT; };
		5D7B8EBC19AD98BE001E94D4 /* MediaPlayer.framework */ = {isa = PBXFileReference; lastKnownFileType = wrapper.framework; name = MediaPlayer.framework; path = System/Library/Frameworks/MediaPlayer.framework; sourceTree = SDKROOT; };
		5D7B8EBE19AD98DA001E94D4 /* CoreMotion.framework */ = {isa = PBXFileReference; lastKnownFileType = wrapper.framework; name = CoreMotion.framework; path = System/Library/Frameworks/CoreMotion.framework; sourceTree = SDKROOT; };
		5D7B8EC019AD98FB001E94D4 /* AssetsLibrary.framework */ = {isa = PBXFileReference; lastKnownFileType = wrapper.framework; name = AssetsLibrary.framework; path = System/Library/Frameworks/AssetsLibrary.framework; sourceTree = SDKROOT; };
		5D7B8EC219AD9961001E94D4 /* CoreLocation.framework */ = {isa = PBXFileReference; lastKnownFileType = wrapper.framework; name = CoreLocation.framework; path = System/Library/Frameworks/CoreLocation.framework; sourceTree = SDKROOT; };
		5DAAD168199DFEF400F22EBE /* UIView+getImage.h */ = {isa = PBXFileReference; fileEncoding = 4; lastKnownFileType = sourcecode.c.h; path = "UIView+getImage.h"; sourceTree = "<group>"; };
		5DAAD169199DFEF400F22EBE /* UIView+getImage.m */ = {isa = PBXFileReference; fileEncoding = 4; lastKnownFileType = sourcecode.c.objc; path = "UIView+getImage.m"; sourceTree = "<group>"; };
		5DAAD16B199E03E200F22EBE /* en */ = {isa = PBXFileReference; lastKnownFileType = file.storyboard; name = en; path = en.lproj/Main.storyboard; sourceTree = "<group>"; };
		5DAAD16C199E03F000F22EBE /* zh-Hans */ = {isa = PBXFileReference; lastKnownFileType = file.storyboard; name = "zh-Hans"; path = "zh-Hans.lproj/Main.storyboard"; sourceTree = "<group>"; };
		5DADA7201978EB6A00DAC071 /* en */ = {isa = PBXFileReference; lastKnownFileType = text.plist.strings; name = en; path = en.lproj/Strings.strings; sourceTree = "<group>"; };
		5DADA7221978EB7A00DAC071 /* Base */ = {isa = PBXFileReference; lastKnownFileType = text.plist.strings; name = Base; path = Base.lproj/Strings.strings; sourceTree = "<group>"; };
		B9BB32D4E75D4A3F98AE1126 /* libPods.a */ = {isa = PBXFileReference; explicitFileType = archive.ar; includeInIndex = 0; path = libPods.a; sourceTree = BUILT_PRODUCTS_DIR; };
		EF6FD7EA90084294BDB41925 /* Pods.xcconfig */ = {isa = PBXFileReference; includeInIndex = 1; lastKnownFileType = text.xcconfig; name = Pods.xcconfig; path = Pods/Pods.xcconfig; sourceTree = "<group>"; };
/* End PBXFileReference section */

/* Begin PBXFrameworksBuildPhase section */
		2443DC4F18D662CA00C920C1 /* Frameworks */ = {
			isa = PBXFrameworksBuildPhase;
			buildActionMask = 2147483647;
			files = (
				5D7B8EC319AD9961001E94D4 /* CoreLocation.framework in Frameworks */,
				5D7B8EC119AD98FB001E94D4 /* AssetsLibrary.framework in Frameworks */,
				5D7B8EBF19AD98DA001E94D4 /* CoreMotion.framework in Frameworks */,
				5D7B8EBD19AD98BF001E94D4 /* MediaPlayer.framework in Frameworks */,
				5D4546D3199C934300DA98D3 /* CoreMedia.framework in Frameworks */,
				5D7B8EBB19AD989E001E94D4 /* AddressBookUI.framework in Frameworks */,
				5D7B8EB919AD9896001E94D4 /* AddressBook.framework in Frameworks */,
				5D7B8EB719AD94C7001E94D4 /* StoreKit.framework in Frameworks */,
				5D4546D5199C937A00DA98D3 /* MessageUI.framework in Frameworks */,
				5D4546A1199C91BA00DA98D3 /* PocketConnection.framework in Frameworks */,
				5D454694199C91BA00DA98D3 /* EverNoteConnection.framework in Frameworks */,
				5D4546B1199C91BA00DA98D3 /* YiXinConnection.framework in Frameworks */,
				5D454697199C91BA00DA98D3 /* GooglePlusConnection.framework in Frameworks */,
				5D454691199C91BA00DA98D3 /* CopyConnection.framework in Frameworks */,
				5D4546CE199C91BA00DA98D3 /* ShareSDKiPhoneDefaultShareViewUI.framework in Frameworks */,
				5D4EB6571999FB4000CBE58C /* libsqlite3.dylib in Frameworks */,
				5D4546B2199C91BA00DA98D3 /* YouDaoNoteConnection.framework in Frameworks */,
				5D4546BC199C91BA00DA98D3 /* TencentOpenAPI.framework in Frameworks */,
				5D4546CB199C91BA00DA98D3 /* ShareSDKiPadSimpleShareViewUI.framework in Frameworks */,
				5D4546A0199C91BA00DA98D3 /* PinterestConnection.framework in Frameworks */,
				5D4EB6551999FB3200CBE58C /* libstdc++.dylib in Frameworks */,
				5D4546A4199C91BA00DA98D3 /* QZoneConnection.framework in Frameworks */,
				5D45469E199C91BA00DA98D3 /* MailConnection.framework in Frameworks */,
				5D4EB6531999FB2400CBE58C /* libicucore.dylib in Frameworks */,
				5D4546C0199C91BA00DA98D3 /* libSinaWeiboSDK.a in Frameworks */,
				5D4546C4199C91BA00DA98D3 /* libYixinSDK.a in Frameworks */,
				5D45469D199C91BA00DA98D3 /* LinkedInConnection.framework in Frameworks */,
				5D4546B3199C91BA00DA98D3 /* AGCommon.framework in Frameworks */,
				5D4EB6511999FB1300CBE58C /* libz.dylib in Frameworks */,
				5D4EB64F1999FB0A00CBE58C /* Security.framework in Frameworks */,
				5D45469C199C91BA00DA98D3 /* LineConnection.framework in Frameworks */,
				5D4546C9199C91BA00DA98D3 /* ShareSDKiPadDefaultShareViewUI.framework in Frameworks */,
				5D4546B0199C91BA00DA98D3 /* WhatsAppConnection.framework in Frameworks */,
				5D4546A7199C91BA00DA98D3 /* SMSConnection.framework in Frameworks */,
				5D454693199C91BA00DA98D3 /* DropboxConnection.framework in Frameworks */,
				5D4EB64D1999FAEC00CBE58C /* CoreTelephony.framework in Frameworks */,
				5D4546A8199C91BA00DA98D3 /* SohuConnection.framework in Frameworks */,
				5D4546B7199C91BA00DA98D3 /* GoogleOpenSource.framework in Frameworks */,
				5D4546A6199C91BA00DA98D3 /* SinaWeiboConnection.framework in Frameworks */,
				5D4546A5199C91BA00DA98D3 /* RenRenConnection.framework in Frameworks */,
				5D454696199C91BA00DA98D3 /* FlickrConnection.framework in Frameworks */,
				5D58269219988C3C00F5C14C /* SystemConfiguration.framework in Frameworks */,
				5D4546D0199C91BA00DA98D3 /* ShareSDKiPhoneSimpleShareViewUI.framework in Frameworks */,
				5D4546CC199C91BA00DA98D3 /* ShareSDKiPhoneAppRecommendShareViewUI.framework in Frameworks */,
				5D45469F199C91BA00DA98D3 /* MingDaoConnection.framework in Frameworks */,
				5D4546BA199C91BA00DA98D3 /* Pinterest.framework in Frameworks */,
				2443DC5818D662CA00C920C1 /* CoreGraphics.framework in Frameworks */,
				2443DC5A18D662CA00C920C1 /* UIKit.framework in Frameworks */,
				5D4546AD199C91BA00DA98D3 /* TwitterConnection.framework in Frameworks */,
				5D4546C5199C91BA00DA98D3 /* ShareSDK.framework in Frameworks */,
				2443DC5C18D662CA00C920C1 /* SpriteKit.framework in Frameworks */,
				5D4546A3199C91BA00DA98D3 /* QQConnection.framework in Frameworks */,
				5D454692199C91BA00DA98D3 /* DouBanConnection.framework in Frameworks */,
				5D4546B6199C91BA00DA98D3 /* ShareSDKCoreService.framework in Frameworks */,
				2443DC5618D662CA00C920C1 /* Foundation.framework in Frameworks */,
				5D4546AA199C91BA00DA98D3 /* T163WeiboConnection.framework in Frameworks */,
				5D4546D1199C91BA00DA98D3 /* ShareSDKShareActionSheet.framework in Frameworks */,
				5D4546C2199C91BA00DA98D3 /* libTCWeiboSDK.a in Frameworks */,
				5D4546AB199C91BA00DA98D3 /* TencentWeiboConnection.framework in Frameworks */,
				5D4546A2199C91BA00DA98D3 /* PrintConnection.framework in Frameworks */,
				5D4546B9199C91BA00DA98D3 /* GooglePlus.framework in Frameworks */,
				5D4546C3199C91BA00DA98D3 /* libWeChatSDK.a in Frameworks */,
				5D4546AF199C91BA00DA98D3 /* WeChatConnection.framework in Frameworks */,
				5D4546AC199C91BA00DA98D3 /* TumblrConnection.framework in Frameworks */,
				5D4546BF199C91BA00DA98D3 /* RennSDK.framework in Frameworks */,
				5D58268F19988A3900F5C14C /* libFlurry_5.2.0.a in Frameworks */,
				5D4546C7199C91BA00DA98D3 /* ShareSDKFlatShareViewUI.framework in Frameworks */,
				D0786025A08D4C5C973DDB79 /* libPods.a in Frameworks */,
			);
			runOnlyForDeploymentPostprocessing = 0;
		};
		2443DC7718D662CA00C920C1 /* Frameworks */ = {
			isa = PBXFrameworksBuildPhase;
			buildActionMask = 2147483647;
			files = (
				2443DC7C18D662CA00C920C1 /* XCTest.framework in Frameworks */,
				2443DC7E18D662CA00C920C1 /* UIKit.framework in Frameworks */,
				2443DC7D18D662CA00C920C1 /* Foundation.framework in Frameworks */,
			);
			runOnlyForDeploymentPostprocessing = 0;
		};
/* End PBXFrameworksBuildPhase section */

/* Begin PBXGroup section */
		2443DC4918D662CA00C920C1 = {
			isa = PBXGroup;
			children = (
				5D58269019988B8D00F5C14C /* Flurry.h */,
				2443DC5D18D662CA00C920C1 /* m2048 */,
				2443DC8118D662CA00C920C1 /* m2048Tests */,
				2443DC5418D662CA00C920C1 /* Frameworks */,
				2443DC5318D662CA00C920C1 /* Products */,
				EF6FD7EA90084294BDB41925 /* Pods.xcconfig */,
			);
			sourceTree = "<group>";
		};
		2443DC5318D662CA00C920C1 /* Products */ = {
			isa = PBXGroup;
			children = (
				2443DC5218D662CA00C920C1 /* m2048.app */,
				2443DC7A18D662CA00C920C1 /* m2048Tests.xctest */,
			);
			name = Products;
			sourceTree = "<group>";
		};
		2443DC5418D662CA00C920C1 /* Frameworks */ = {
			isa = PBXGroup;
			children = (
				5D7B8EC219AD9961001E94D4 /* CoreLocation.framework */,
				5D7B8EC019AD98FB001E94D4 /* AssetsLibrary.framework */,
				5D7B8EBE19AD98DA001E94D4 /* CoreMotion.framework */,
				5D7B8EBC19AD98BE001E94D4 /* MediaPlayer.framework */,
				5D7B8EBA19AD989E001E94D4 /* AddressBookUI.framework */,
				5D7B8EB819AD9896001E94D4 /* AddressBook.framework */,
				5D7B8EB619AD94C7001E94D4 /* StoreKit.framework */,
				5D4546D4199C937A00DA98D3 /* MessageUI.framework */,
				5D4546D2199C934300DA98D3 /* CoreMedia.framework */,
				5D45463A199C91BA00DA98D3 /* ShareSDK */,
				5D4EB6561999FB4000CBE58C /* libsqlite3.dylib */,
				5D4EB6541999FB3200CBE58C /* libstdc++.dylib */,
				5D4EB6521999FB2400CBE58C /* libicucore.dylib */,
				5D4EB6501999FB1300CBE58C /* libz.dylib */,
				5D4EB64E1999FB0A00CBE58C /* Security.framework */,
				5D4EB64C1999FAEC00CBE58C /* CoreTelephony.framework */,
				5D58269119988C3C00F5C14C /* SystemConfiguration.framework */,
				5D58268E19988A3900F5C14C /* libFlurry_5.2.0.a */,
				2443DC5518D662CA00C920C1 /* Foundation.framework */,
				2443DC5718D662CA00C920C1 /* CoreGraphics.framework */,
				2443DC5918D662CA00C920C1 /* UIKit.framework */,
				2443DC5B18D662CA00C920C1 /* SpriteKit.framework */,
				2443DC7B18D662CA00C920C1 /* XCTest.framework */,
				B9BB32D4E75D4A3F98AE1126 /* libPods.a */,
			);
			name = Frameworks;
			sourceTree = "<group>";
		};
		2443DC5D18D662CA00C920C1 /* m2048 */ = {
			isa = PBXGroup;
			children = (
				5D364ED719AAE86E00D41A47 /* iPad */,
				5DADA7211978EB6A00DAC071 /* Strings.strings */,
				2443DC6618D662CA00C920C1 /* M2AppDelegate.h */,
				2443DC6718D662CA00C920C1 /* M2AppDelegate.m */,
				2443DC6918D662CA00C920C1 /* Main.storyboard */,
				2443DC9C18D6645800C920C1 /* Appearance */,
				2443DC9D18D6645800C920C1 /* Controller */,
				24C4516018DABABE0001FCFD /* Global */,
				2443DC9418D663FC00C920C1 /* Sprite Kit */,
				2443DC9718D663FC00C920C1 /* State */,
				24C4516518DD64630001FCFD /* View */,
				2443DC5E18D662CA00C920C1 /* Supporting Files */,
				2443DC7418D662CA00C920C1 /* Images.xcassets */,
				5D70126819850C7A00D7DA15 /* merge.sks */,
				5D70126919850C7A00D7DA15 /* spark.png */,
				5D4EB65C199A094800CBE58C /* shareNoOutline.png */,
				5D4EB658199A071A00CBE58C /* share.png */,
				5D4EB659199A071A00CBE58C /* undo.png */,
				5D7012771985563600D7DA15 /* Localizable.strings */,
				5DAAD168199DFEF400F22EBE /* UIView+getImage.h */,
				5DAAD169199DFEF400F22EBE /* UIView+getImage.m */,
			);
			path = m2048;
			sourceTree = "<group>";
		};
		2443DC5E18D662CA00C920C1 /* Supporting Files */ = {
			isa = PBXGroup;
			children = (
				2443DC5F18D662CA00C920C1 /* m2048-Info.plist */,
				2443DC6018D662CA00C920C1 /* InfoPlist.strings */,
				2443DC6318D662CA00C920C1 /* main.m */,
				2443DC6518D662CA00C920C1 /* m2048-Prefix.pch */,
			);
			name = "Supporting Files";
			sourceTree = "<group>";
		};
		2443DC8118D662CA00C920C1 /* m2048Tests */ = {
			isa = PBXGroup;
			children = (
				2443DC8718D662CA00C920C1 /* m2048Tests.m */,
				2443DC8218D662CA00C920C1 /* Supporting Files */,
			);
			path = m2048Tests;
			sourceTree = "<group>";
		};
		2443DC8218D662CA00C920C1 /* Supporting Files */ = {
			isa = PBXGroup;
			children = (
				2443DC8318D662CA00C920C1 /* m2048Tests-Info.plist */,
				2443DC8418D662CA00C920C1 /* InfoPlist.strings */,
			);
			name = "Supporting Files";
			sourceTree = "<group>";
		};
		2443DC9418D663FC00C920C1 /* Sprite Kit */ = {
			isa = PBXGroup;
			children = (
				24C4515918D6DC4A0001FCFD /* M2Cell.h */,
				24C4515A18D6DC4A0001FCFD /* M2Cell.m */,
				24C4515C18D6DC740001FCFD /* M2Grid.h */,
				24C4515D18D6DC740001FCFD /* M2Grid.m */,
				2443DC9518D663FC00C920C1 /* M2Scene.h */,
				2443DC9618D663FC00C920C1 /* M2Scene.m */,
				2443DCAD18D6C18400C920C1 /* M2Tile.h */,
				2443DCAE18D6C18400C920C1 /* M2Tile.m */,
			);
			path = "Sprite Kit";
			sourceTree = "<group>";
		};
		2443DC9718D663FC00C920C1 /* State */ = {
			isa = PBXGroup;
			children = (
				2443DC9818D663FC00C920C1 /* M2GameManager.h */,
				2443DC9918D663FC00C920C1 /* M2GameManager.m */,
			);
			path = State;
			sourceTree = "<group>";
		};
		2443DC9C18D6645800C920C1 /* Appearance */ = {
			isa = PBXGroup;
			children = (
				2443DCA118D6649500C920C1 /* M2Theme.h */,
				2443DCA218D6649500C920C1 /* M2Theme.m */,
			);
			path = Appearance;
			sourceTree = "<group>";
		};
		2443DC9D18D6645800C920C1 /* Controller */ = {
			isa = PBXGroup;
			children = (
				2443DCA418D66CCC00C920C1 /* M2ViewController.h */,
				2443DCA518D66CCC00C920C1 /* M2ViewController.m */,
				2443DC9E18D6647000C920C1 /* M2SettingsViewController.h */,
				2443DC9F18D6647000C920C1 /* M2SettingsViewController.m */,
				24C4517118E140AE0001FCFD /* M2SettingsDetailViewController.h */,
				24C4517218E140AE0001FCFD /* M2SettingsDetailViewController.m */,
			);
			path = Controller;
			sourceTree = "<group>";
		};
		24C4516018DABABE0001FCFD /* Global */ = {
			isa = PBXGroup;
			children = (
				24C4516118DABABE0001FCFD /* M2GlobalState.h */,
				24C4516218DABABE0001FCFD /* M2GlobalState.m */,
				24C4516318DABABE0001FCFD /* M2Position.h */,
			);
			path = Global;
			sourceTree = "<group>";
		};
		24C4516518DD64630001FCFD /* View */ = {
			isa = PBXGroup;
			children = (
				24C4516618DD64A90001FCFD /* M2GridView.h */,
				24C4516718DD64A90001FCFD /* M2GridView.m */,
				24C4516E18DFF10B0001FCFD /* M2ScoreView.h */,
				24C4516F18DFF10B0001FCFD /* M2ScoreView.m */,
				24C4517F18E265390001FCFD /* M2Overlay.h */,
				24C4518018E265390001FCFD /* M2Overlay.m */,
			);
			path = View;
			sourceTree = "<group>";
		};
		5D364ED719AAE86E00D41A47 /* iPad */ = {
			isa = PBXGroup;
			children = (
			);
			name = iPad;
			sourceTree = "<group>";
		};
		5D45463A199C91BA00DA98D3 /* ShareSDK */ = {
			isa = PBXGroup;
			children = (
				5D45463B199C91BA00DA98D3 /* Connection */,
				5D45465E199C91BA00DA98D3 /* Core */,
				5D454665199C91BA00DA98D3 /* Extend */,
				5D454683199C91BA00DA98D3 /* ShareSDK.framework */,
				5D454684199C91BA00DA98D3 /* UI */,
			);
			path = ShareSDK;
			sourceTree = "<group>";
		};
		5D45463B199C91BA00DA98D3 /* Connection */ = {
			isa = PBXGroup;
			children = (
				5D45463C199C91BA00DA98D3 /* CopyConnection.framework */,
				5D45463D199C91BA00DA98D3 /* DouBanConnection.framework */,
				5D45463E199C91BA00DA98D3 /* DropboxConnection.framework */,
				5D45463F199C91BA00DA98D3 /* EverNoteConnection.framework */,
				5D454640199C91BA00DA98D3 /* FacebookConnection.framework */,
				5D454641199C91BA00DA98D3 /* FlickrConnection.framework */,
				5D454642199C91BA00DA98D3 /* GooglePlusConnection.framework */,
				5D454643199C91BA00DA98D3 /* InstagramConnection.framework */,
				5D454644199C91BA00DA98D3 /* InstapaperConnection.framework */,
				5D454645199C91BA00DA98D3 /* InstapaperResource.bundle */,
				5D454646199C91BA00DA98D3 /* KaiXinConnection.framework */,
				5D454647199C91BA00DA98D3 /* LineConnection.framework */,
				5D454648199C91BA00DA98D3 /* LinkedInConnection.framework */,
				5D454649199C91BA00DA98D3 /* MailConnection.framework */,
				5D45464A199C91BA00DA98D3 /* MingDaoConnection.framework */,
				5D45464B199C91BA00DA98D3 /* PinterestConnection.framework */,
				5D45464C199C91BA00DA98D3 /* PocketConnection.framework */,
				5D45464D199C91BA00DA98D3 /* PrintConnection.framework */,
				5D45464E199C91BA00DA98D3 /* QQConnection.framework */,
				5D45464F199C91BA00DA98D3 /* QZoneConnection.framework */,
				5D454650199C91BA00DA98D3 /* RenRenConnection.framework */,
				5D454651199C91BA00DA98D3 /* SinaWeiboConnection.framework */,
				5D454652199C91BA00DA98D3 /* SMSConnection.framework */,
				5D454653199C91BA00DA98D3 /* SohuConnection.framework */,
				5D454654199C91BA00DA98D3 /* SohuWeiboConnection.framework */,
				5D454655199C91BA00DA98D3 /* T163WeiboConnection.framework */,
				5D454656199C91BA00DA98D3 /* TencentWeiboConnection.framework */,
				5D454657199C91BA00DA98D3 /* TumblrConnection.framework */,
				5D454658199C91BA00DA98D3 /* TwitterConnection.framework */,
				5D454659199C91BA00DA98D3 /* VKontakteConnection.framework */,
				5D45465A199C91BA00DA98D3 /* WeChatConnection.framework */,
				5D45465B199C91BA00DA98D3 /* WhatsAppConnection.framework */,
				5D45465C199C91BA00DA98D3 /* YiXinConnection.framework */,
				5D45465D199C91BA00DA98D3 /* YouDaoNoteConnection.framework */,
			);
			path = Connection;
			sourceTree = "<group>";
		};
		5D45465E199C91BA00DA98D3 /* Core */ = {
			isa = PBXGroup;
			children = (
				5D45465F199C91BA00DA98D3 /* AGCommon.framework */,
				5D454660199C91BA00DA98D3 /* ShareSDKLocalizable.strings */,
				5D454662199C91BA00DA98D3 /* Resource.bundle */,
				5D454663199C91BA00DA98D3 /* ShareSDKCoreService.framework */,
			);
			path = Core;
			sourceTree = "<group>";
		};
		5D454665199C91BA00DA98D3 /* Extend */ = {
			isa = PBXGroup;
			children = (
				5D454666199C91BA00DA98D3 /* GooglePlusSDK */,
				5D45466A199C91BA00DA98D3 /* Pinterest.embeddedframework */,
				5D45466E199C91BA00DA98D3 /* QQConnectSDK */,
				5D454671199C91BA00DA98D3 /* RenRenSDK */,
				5D454674199C91BA00DA98D3 /* SinaWeiboSDK */,
				5D454678199C91BA00DA98D3 /* TencentWeiboSDK */,
				5D45467B199C91BA00DA98D3 /* WeChatSDK */,
				5D45467F199C91BA00DA98D3 /* YiXinSDK */,
			);
			path = Extend;
			sourceTree = "<group>";
		};
		5D454666199C91BA00DA98D3 /* GooglePlusSDK */ = {
			isa = PBXGroup;
			children = (
				5D454667199C91BA00DA98D3 /* GoogleOpenSource.framework */,
				5D454668199C91BA00DA98D3 /* GooglePlus.bundle */,
				5D454669199C91BA00DA98D3 /* GooglePlus.framework */,
			);
			path = GooglePlusSDK;
			sourceTree = "<group>";
		};
		5D45466A199C91BA00DA98D3 /* Pinterest.embeddedframework */ = {
			isa = PBXGroup;
			children = (
				5D45466B199C91BA00DA98D3 /* Pinterest.framework */,
				5D45466C199C91BA00DA98D3 /* Resources */,
			);
			path = Pinterest.embeddedframework;
			sourceTree = "<group>";
		};
		5D45466C199C91BA00DA98D3 /* Resources */ = {
			isa = PBXGroup;
			children = (
				5D45466D199C91BA00DA98D3 /* PinterestSDKResources.bundle */,
			);
			path = Resources;
			sourceTree = "<group>";
		};
		5D45466E199C91BA00DA98D3 /* QQConnectSDK */ = {
			isa = PBXGroup;
			children = (
				5D45466F199C91BA00DA98D3 /* TencentOpenAPI.framework */,
				5D454670199C91BA00DA98D3 /* TencentOpenApi_IOS_Bundle.bundle */,
			);
			path = QQConnectSDK;
			sourceTree = "<group>";
		};
		5D454671199C91BA00DA98D3 /* RenRenSDK */ = {
			isa = PBXGroup;
			children = (
				5D454672199C91BA00DA98D3 /* RennSDK.bundle */,
				5D454673199C91BA00DA98D3 /* RennSDK.framework */,
			);
			path = RenRenSDK;
			sourceTree = "<group>";
		};
		5D454674199C91BA00DA98D3 /* SinaWeiboSDK */ = {
			isa = PBXGroup;
			children = (
				5D454675199C91BA00DA98D3 /* libSinaWeiboSDK.a */,
				5D454676199C91BA00DA98D3 /* WeiboSDK.bundle */,
				5D454677199C91BA00DA98D3 /* WeiboSDK.h */,
			);
			path = SinaWeiboSDK;
			sourceTree = "<group>";
		};
		5D454678199C91BA00DA98D3 /* TencentWeiboSDK */ = {
			isa = PBXGroup;
			children = (
				5D454679199C91BA00DA98D3 /* libTCWeiboSDK.a */,
				5D45467A199C91BA00DA98D3 /* WeiboApi.h */,
			);
			path = TencentWeiboSDK;
			sourceTree = "<group>";
		};
		5D45467B199C91BA00DA98D3 /* WeChatSDK */ = {
			isa = PBXGroup;
			children = (
				5D45467C199C91BA00DA98D3 /* libWeChatSDK.a */,
				5D45467D199C91BA00DA98D3 /* WXApi.h */,
				5D45467E199C91BA00DA98D3 /* WXApiObject.h */,
			);
			path = WeChatSDK;
			sourceTree = "<group>";
		};
		5D45467F199C91BA00DA98D3 /* YiXinSDK */ = {
			isa = PBXGroup;
			children = (
				5D454680199C91BA00DA98D3 /* libYixinSDK.a */,
				5D454681199C91BA00DA98D3 /* YXApi.h */,
				5D454682199C91BA00DA98D3 /* YXApiObject.h */,
			);
			path = YiXinSDK;
			sourceTree = "<group>";
		};
		5D454684199C91BA00DA98D3 /* UI */ = {
			isa = PBXGroup;
			children = (
				5D454685199C91BA00DA98D3 /* ShareSDKFlatShareViewUI.bundle */,
				5D454686199C91BA00DA98D3 /* ShareSDKFlatShareViewUI.framework */,
				5D454687199C91BA00DA98D3 /* ShareSDKiPadDefaultShareViewUI.bundle */,
				5D454688199C91BA00DA98D3 /* ShareSDKiPadDefaultShareViewUI.framework */,
				5D454689199C91BA00DA98D3 /* ShareSDKiPadSimpleShareViewUI.bundle */,
				5D45468A199C91BA00DA98D3 /* ShareSDKiPadSimpleShareViewUI.framework */,
				5D45468B199C91BA00DA98D3 /* ShareSDKiPhoneAppRecommendShareViewUI.framework */,
				5D45468C199C91BA00DA98D3 /* ShareSDKiPhoneDefaultShareViewUI.bundle */,
				5D45468D199C91BA00DA98D3 /* ShareSDKiPhoneDefaultShareViewUI.framework */,
				5D45468E199C91BA00DA98D3 /* ShareSDKiPhoneSimpleShareViewUI.bundle */,
				5D45468F199C91BA00DA98D3 /* ShareSDKiPhoneSimpleShareViewUI.framework */,
				5D454690199C91BA00DA98D3 /* ShareSDKShareActionSheet.framework */,
			);
			path = UI;
			sourceTree = "<group>";
		};
/* End PBXGroup section */

/* Begin PBXNativeTarget section */
		2443DC5118D662CA00C920C1 /* m2048 */ = {
			isa = PBXNativeTarget;
			buildConfigurationList = 2443DC8B18D662CA00C920C1 /* Build configuration list for PBXNativeTarget "m2048" */;
			buildPhases = (
				52CFBDE36D4745F398FFE917 /* Check Pods Manifest.lock */,
				2443DC4E18D662CA00C920C1 /* Sources */,
				2443DC4F18D662CA00C920C1 /* Frameworks */,
				2443DC5018D662CA00C920C1 /* Resources */,
				EBAF422A0F3941D9A8221389 /* Copy Pods Resources */,
			);
			buildRules = (
			);
			dependencies = (
			);
			name = m2048;
			productName = m2048;
			productReference = 2443DC5218D662CA00C920C1 /* m2048.app */;
			productType = "com.apple.product-type.application";
		};
		2443DC7918D662CA00C920C1 /* m2048Tests */ = {
			isa = PBXNativeTarget;
			buildConfigurationList = 2443DC8E18D662CA00C920C1 /* Build configuration list for PBXNativeTarget "m2048Tests" */;
			buildPhases = (
				2443DC7618D662CA00C920C1 /* Sources */,
				2443DC7718D662CA00C920C1 /* Frameworks */,
				2443DC7818D662CA00C920C1 /* Resources */,
			);
			buildRules = (
			);
			dependencies = (
				2443DC8018D662CA00C920C1 /* PBXTargetDependency */,
			);
			name = m2048Tests;
			productName = m2048Tests;
			productReference = 2443DC7A18D662CA00C920C1 /* m2048Tests.xctest */;
			productType = "com.apple.product-type.bundle.unit-test";
		};
/* End PBXNativeTarget section */

/* Begin PBXProject section */
		2443DC4A18D662CA00C920C1 /* Project object */ = {
			isa = PBXProject;
			attributes = {
				CLASSPREFIX = M2;
				LastUpgradeCheck = 0510;
				ORGANIZATIONNAME = Danqing;
				TargetAttributes = {
					2443DC5118D662CA00C920C1 = {
						DevelopmentTeam = HXEHGC77U2;
					};
					2443DC7918D662CA00C920C1 = {
						TestTargetID = 2443DC5118D662CA00C920C1;
					};
				};
			};
			buildConfigurationList = 2443DC4D18D662CA00C920C1 /* Build configuration list for PBXProject "m2048" */;
			compatibilityVersion = "Xcode 3.2";
			developmentRegion = English;
			hasScannedForEncodings = 0;
			knownRegions = (
				en,
				Base,
				"zh-Hans",
			);
			mainGroup = 2443DC4918D662CA00C920C1;
			productRefGroup = 2443DC5318D662CA00C920C1 /* Products */;
			projectDirPath = "";
			projectRoot = "";
			targets = (
				2443DC5118D662CA00C920C1 /* m2048 */,
				2443DC7918D662CA00C920C1 /* m2048Tests */,
			);
		};
/* End PBXProject section */

/* Begin PBXResourcesBuildPhase section */
		2443DC5018D662CA00C920C1 /* Resources */ = {
			isa = PBXResourcesBuildPhase;
			buildActionMask = 2147483647;
			files = (
				5D4546BD199C91BA00DA98D3 /* TencentOpenApi_IOS_Bundle.bundle in Resources */,
				5D45469A199C91BA00DA98D3 /* InstapaperResource.bundle in Resources */,
				5D4546C6199C91BA00DA98D3 /* ShareSDKFlatShareViewUI.bundle in Resources */,
				2443DC6218D662CA00C920C1 /* InfoPlist.strings in Resources */,
				5D70126B19850C7A00D7DA15 /* spark.png in Resources */,
				5D4546C8199C91BA00DA98D3 /* ShareSDKiPadDefaultShareViewUI.bundle in Resources */,
				5D4546CA199C91BA00DA98D3 /* ShareSDKiPadSimpleShareViewUI.bundle in Resources */,
				5D4EB65B199A071A00CBE58C /* undo.png in Resources */,
				5D4546CD199C91BA00DA98D3 /* ShareSDKiPhoneDefaultShareViewUI.bundle in Resources */,
				5D4546C1199C91BA00DA98D3 /* WeiboSDK.bundle in Resources */,
				5D4546CF199C91BA00DA98D3 /* ShareSDKiPhoneSimpleShareViewUI.bundle in Resources */,
				5D70126A19850C7A00D7DA15 /* merge.sks in Resources */,
				5D7012751985563600D7DA15 /* Localizable.strings in Resources */,
				5D4546B4199C91BA00DA98D3 /* ShareSDKLocalizable.strings in Resources */,
				5DADA71F1978EB6A00DAC071 /* Strings.strings in Resources */,
				2443DC7518D662CA00C920C1 /* Images.xcassets in Resources */,
				5D4546BE199C91BA00DA98D3 /* RennSDK.bundle in Resources */,
				2443DC6B18D662CA00C920C1 /* Main.storyboard in Resources */,
				5D4EB65A199A071A00CBE58C /* share.png in Resources */,
				5D4546BB199C91BA00DA98D3 /* PinterestSDKResources.bundle in Resources */,
				5D4546B5199C91BA00DA98D3 /* Resource.bundle in Resources */,
				5D4546B8199C91BA00DA98D3 /* GooglePlus.bundle in Resources */,
				5D4EB65D199A094800CBE58C /* shareNoOutline.png in Resources */,
			);
			runOnlyForDeploymentPostprocessing = 0;
		};
		2443DC7818D662CA00C920C1 /* Resources */ = {
			isa = PBXResourcesBuildPhase;
			buildActionMask = 2147483647;
			files = (
				2443DC8618D662CA00C920C1 /* InfoPlist.strings in Resources */,
			);
			runOnlyForDeploymentPostprocessing = 0;
		};
/* End PBXResourcesBuildPhase section */

/* Begin PBXShellScriptBuildPhase section */
		52CFBDE36D4745F398FFE917 /* Check Pods Manifest.lock */ = {
			isa = PBXShellScriptBuildPhase;
			buildActionMask = 2147483647;
			files = (
			);
			inputPaths = (
			);
			name = "Check Pods Manifest.lock";
			outputPaths = (
			);
			runOnlyForDeploymentPostprocessing = 0;
			shellPath = /bin/sh;
			shellScript = "diff \"${PODS_ROOT}/../Podfile.lock\" \"${PODS_ROOT}/Manifest.lock\" > /dev/null\nif [[ $? != 0 ]] ; then\n    cat << EOM\nerror: The sandbox is not in sync with the Podfile.lock. Run 'pod install' or update your CocoaPods installation.\nEOM\n    exit 1\nfi\n";
			showEnvVarsInLog = 0;
		};
		EBAF422A0F3941D9A8221389 /* Copy Pods Resources */ = {
			isa = PBXShellScriptBuildPhase;
			buildActionMask = 2147483647;
			files = (
			);
			inputPaths = (
			);
			name = "Copy Pods Resources";
			outputPaths = (
			);
			runOnlyForDeploymentPostprocessing = 0;
			shellPath = /bin/sh;
			shellScript = "\"${SRCROOT}/Pods/Pods-resources.sh\"\n";
			showEnvVarsInLog = 0;
		};
/* End PBXShellScriptBuildPhase section */

/* Begin PBXSourcesBuildPhase section */
		2443DC4E18D662CA00C920C1 /* Sources */ = {
			isa = PBXSourcesBuildPhase;
			buildActionMask = 2147483647;
			files = (
				2443DCA618D66CCC00C920C1 /* M2ViewController.m in Sources */,
				2443DC6418D662CA00C920C1 /* main.m in Sources */,
				24C4515B18D6DC4A0001FCFD /* M2Cell.m in Sources */,
				5DAAD16A199DFEF400F22EBE /* UIView+getImage.m in Sources */,
				24C4516818DD64A90001FCFD /* M2GridView.m in Sources */,
				2443DC9A18D663FC00C920C1 /* M2Scene.m in Sources */,
				24C4515E18D6DC740001FCFD /* M2Grid.m in Sources */,
				24C4518118E265390001FCFD /* M2Overlay.m in Sources */,
				2443DCAF18D6C18400C920C1 /* M2Tile.m in Sources */,
				2443DCA018D6647000C920C1 /* M2SettingsViewController.m in Sources */,
				24C4517018DFF10B0001FCFD /* M2ScoreView.m in Sources */,
				2443DCA318D6649500C920C1 /* M2Theme.m in Sources */,
				24C4517318E140AE0001FCFD /* M2SettingsDetailViewController.m in Sources */,
				24C4516418DABABE0001FCFD /* M2GlobalState.m in Sources */,
				2443DC6818D662CA00C920C1 /* M2AppDelegate.m in Sources */,
				2443DC9B18D663FC00C920C1 /* M2GameManager.m in Sources */,
			);
			runOnlyForDeploymentPostprocessing = 0;
		};
		2443DC7618D662CA00C920C1 /* Sources */ = {
			isa = PBXSourcesBuildPhase;
			buildActionMask = 2147483647;
			files = (
				2443DC8818D662CA00C920C1 /* m2048Tests.m in Sources */,
			);
			runOnlyForDeploymentPostprocessing = 0;
		};
/* End PBXSourcesBuildPhase section */

/* Begin PBXTargetDependency section */
		2443DC8018D662CA00C920C1 /* PBXTargetDependency */ = {
			isa = PBXTargetDependency;
			target = 2443DC5118D662CA00C920C1 /* m2048 */;
			targetProxy = 2443DC7F18D662CA00C920C1 /* PBXContainerItemProxy */;
		};
/* End PBXTargetDependency section */

/* Begin PBXVariantGroup section */
		2443DC6018D662CA00C920C1 /* InfoPlist.strings */ = {
			isa = PBXVariantGroup;
			children = (
				2443DC6118D662CA00C920C1 /* en */,
				5D566CEA1978F5AD002D0891 /* Base */,
				5D566CF51978F691002D0891 /* zh-Hans */,
			);
			name = InfoPlist.strings;
			sourceTree = "<group>";
		};
		2443DC6918D662CA00C920C1 /* Main.storyboard */ = {
			isa = PBXVariantGroup;
			children = (
				2443DC6A18D662CA00C920C1 /* Base */,
				5DAAD16B199E03E200F22EBE /* en */,
				5DAAD16C199E03F000F22EBE /* zh-Hans */,
			);
			name = Main.storyboard;
			sourceTree = "<group>";
		};
		2443DC8418D662CA00C920C1 /* InfoPlist.strings */ = {
			isa = PBXVariantGroup;
			children = (
				2443DC8518D662CA00C920C1 /* en */,
			);
			name = InfoPlist.strings;
			sourceTree = "<group>";
		};
		5D454660199C91BA00DA98D3 /* ShareSDKLocalizable.strings */ = {
			isa = PBXVariantGroup;
			children = (
				5D454661199C91BA00DA98D3 /* en */,
				5D454664199C91BA00DA98D3 /* zh-Hans */,
			);
			name = ShareSDKLocalizable.strings;
			sourceTree = "<group>";
		};
		5D7012771985563600D7DA15 /* Localizable.strings */ = {
			isa = PBXVariantGroup;
			children = (
				5D7012761985563600D7DA15 /* Base */,
				5D7012781985563B00D7DA15 /* en */,
				5D7012791985563D00D7DA15 /* zh-Hans */,
			);
			name = Localizable.strings;
			sourceTree = "<group>";
		};
		5DADA7211978EB6A00DAC071 /* Strings.strings */ = {
			isa = PBXVariantGroup;
			children = (
				5DADA7201978EB6A00DAC071 /* en */,
				5DADA7221978EB7A00DAC071 /* Base */,
			);
			name = Strings.strings;
			sourceTree = "<group>";
		};
/* End PBXVariantGroup section */

/* Begin XCBuildConfiguration section */
		2443DC8918D662CA00C920C1 /* Debug */ = {
			isa = XCBuildConfiguration;
			buildSettings = {
				ALWAYS_SEARCH_USER_PATHS = NO;
				CLANG_CXX_LANGUAGE_STANDARD = "gnu++0x";
				CLANG_CXX_LIBRARY = "libc++";
				CLANG_ENABLE_MODULES = YES;
				CLANG_ENABLE_OBJC_ARC = YES;
				CLANG_WARN_BOOL_CONVERSION = YES;
				CLANG_WARN_CONSTANT_CONVERSION = YES;
				CLANG_WARN_DIRECT_OBJC_ISA_USAGE = YES_ERROR;
				CLANG_WARN_EMPTY_BODY = YES;
				CLANG_WARN_ENUM_CONVERSION = YES;
				CLANG_WARN_INT_CONVERSION = YES;
				CLANG_WARN_OBJC_ROOT_CLASS = YES_ERROR;
				CLANG_WARN__DUPLICATE_METHOD_MATCH = YES;
				"CODE_SIGN_IDENTITY[sdk=iphoneos*]" = "iPhone Developer";
				COPY_PHASE_STRIP = NO;
				GCC_C_LANGUAGE_STANDARD = gnu99;
				GCC_DYNAMIC_NO_PIC = NO;
				GCC_OPTIMIZATION_LEVEL = 0;
				GCC_PREPROCESSOR_DEFINITIONS = (
					"DEBUG=1",
					"$(inherited)",
				);
				GCC_SYMBOLS_PRIVATE_EXTERN = NO;
				GCC_WARN_64_TO_32_BIT_CONVERSION = YES;
				GCC_WARN_ABOUT_RETURN_TYPE = YES_ERROR;
				GCC_WARN_UNDECLARED_SELECTOR = YES;
				GCC_WARN_UNINITIALIZED_AUTOS = YES_AGGRESSIVE;
				GCC_WARN_UNUSED_FUNCTION = YES;
				GCC_WARN_UNUSED_VARIABLE = YES;
				IPHONEOS_DEPLOYMENT_TARGET = 7.1;
				ONLY_ACTIVE_ARCH = YES;
				SDKROOT = iphoneos;
			};
			name = Debug;
		};
		2443DC8A18D662CA00C920C1 /* Release */ = {
			isa = XCBuildConfiguration;
			buildSettings = {
				ALWAYS_SEARCH_USER_PATHS = NO;
				CLANG_CXX_LANGUAGE_STANDARD = "gnu++0x";
				CLANG_CXX_LIBRARY = "libc++";
				CLANG_ENABLE_MODULES = YES;
				CLANG_ENABLE_OBJC_ARC = YES;
				CLANG_WARN_BOOL_CONVERSION = YES;
				CLANG_WARN_CONSTANT_CONVERSION = YES;
				CLANG_WARN_DIRECT_OBJC_ISA_USAGE = YES_ERROR;
				CLANG_WARN_EMPTY_BODY = YES;
				CLANG_WARN_ENUM_CONVERSION = YES;
				CLANG_WARN_INT_CONVERSION = YES;
				CLANG_WARN_OBJC_ROOT_CLASS = YES_ERROR;
				CLANG_WARN__DUPLICATE_METHOD_MATCH = YES;
				"CODE_SIGN_IDENTITY[sdk=iphoneos*]" = "iPhone Developer";
				COPY_PHASE_STRIP = YES;
				ENABLE_NS_ASSERTIONS = NO;
				GCC_C_LANGUAGE_STANDARD = gnu99;
				GCC_WARN_64_TO_32_BIT_CONVERSION = YES;
				GCC_WARN_ABOUT_RETURN_TYPE = YES_ERROR;
				GCC_WARN_UNDECLARED_SELECTOR = YES;
				GCC_WARN_UNINITIALIZED_AUTOS = YES_AGGRESSIVE;
				GCC_WARN_UNUSED_FUNCTION = YES;
				GCC_WARN_UNUSED_VARIABLE = YES;
				IPHONEOS_DEPLOYMENT_TARGET = 7.1;
				SDKROOT = iphoneos;
				VALIDATE_PRODUCT = YES;
			};
			name = Release;
		};
		2443DC8C18D662CA00C920C1 /* Debug */ = {
			isa = XCBuildConfiguration;
			baseConfigurationReference = EF6FD7EA90084294BDB41925 /* Pods.xcconfig */;
			buildSettings = {
				ASSETCATALOG_COMPILER_APPICON_NAME = AppIcon;
				ASSETCATALOG_COMPILER_LAUNCHIMAGE_NAME = LaunchImage;
				CODE_SIGN_IDENTITY = "iPhone Developer";
				"CODE_SIGN_IDENTITY[sdk=iphoneos*]" = "iPhone Developer";
				FRAMEWORK_SEARCH_PATHS = (
					"$(inherited)",
					"$(PROJECT_DIR)/ShareSDK/Connection",
					"$(PROJECT_DIR)/ShareSDK/Core",
					"$(PROJECT_DIR)/ShareSDK/Extend/QQConnectSDK",
					"$(PROJECT_DIR)/ShareSDK",
					"$(PROJECT_DIR)/ShareSDK/UI",
					"$(PROJECT_DIR)/ShareSDK/Extend/GooglePlusSDK",
					"$(PROJECT_DIR)/ShareSDK/Extend/Pinterest.embeddedframework",
					"$(PROJECT_DIR)/ShareSDK/Extend/RenRenSDK",
				);
				GCC_PRECOMPILE_PREFIX_HEADER = YES;
				GCC_PREFIX_HEADER = "m2048/m2048-Prefix.pch";
				INFOPLIST_FILE = "m2048/m2048-Info.plist";
				IPHONEOS_DEPLOYMENT_TARGET = 7.1;
				LIBRARY_SEARCH_PATHS = (
					"$(inherited)",
					"$(PROJECT_DIR)/m2048",
					"$(PROJECT_DIR)/ShareSDK/Extend/SinaWeiboSDK",
					"$(PROJECT_DIR)/ShareSDK/Extend/WeChatSDK",
					"$(PROJECT_DIR)/ShareSDK/Extend/TencentWeiboSDK",
					"$(PROJECT_DIR)/ShareSDK/Extend/YiXinSDK",
				);
				PRODUCT_NAME = "$(TARGET_NAME)";
				PROVISIONING_PROFILE = "";
				SPRITEKIT_TEXTURE_ATLAS_OUTPUT = YES;
				TARGETED_DEVICE_FAMILY = "1,2";
				VALID_ARCHS = "armv7 armv7s";
				WRAPPER_EXTENSION = app;
			};
			name = Debug;
		};
		2443DC8D18D662CA00C920C1 /* Release */ = {
			isa = XCBuildConfiguration;
			baseConfigurationReference = EF6FD7EA90084294BDB41925 /* Pods.xcconfig */;
			buildSettings = {
				ASSETCATALOG_COMPILER_APPICON_NAME = AppIcon;
				ASSETCATALOG_COMPILER_LAUNCHIMAGE_NAME = LaunchImage;
				CODE_SIGN_IDENTITY = "iPhone Developer";
				"CODE_SIGN_IDENTITY[sdk=iphoneos*]" = "iPhone Developer";
				FRAMEWORK_SEARCH_PATHS = (
					"$(inherited)",
					"$(PROJECT_DIR)/ShareSDK/Connection",
					"$(PROJECT_DIR)/ShareSDK/Core",
					"$(PROJECT_DIR)/ShareSDK/Extend/QQConnectSDK",
					"$(PROJECT_DIR)/ShareSDK",
					"$(PROJECT_DIR)/ShareSDK/UI",
					"$(PROJECT_DIR)/ShareSDK/Extend/GooglePlusSDK",
					"$(PROJECT_DIR)/ShareSDK/Extend/Pinterest.embeddedframework",
					"$(PROJECT_DIR)/ShareSDK/Extend/RenRenSDK",
				);
				GCC_PRECOMPILE_PREFIX_HEADER = YES;
				GCC_PREFIX_HEADER = "m2048/m2048-Prefix.pch";
				INFOPLIST_FILE = "m2048/m2048-Info.plist";
				IPHONEOS_DEPLOYMENT_TARGET = 7.1;
				LIBRARY_SEARCH_PATHS = (
					"$(inherited)",
					"$(PROJECT_DIR)/m2048",
					"$(PROJECT_DIR)/ShareSDK/Extend/SinaWeiboSDK",
					"$(PROJECT_DIR)/ShareSDK/Extend/WeChatSDK",
					"$(PROJECT_DIR)/ShareSDK/Extend/TencentWeiboSDK",
					"$(PROJECT_DIR)/ShareSDK/Extend/YiXinSDK",
				);
				PRODUCT_NAME = "$(TARGET_NAME)";
				PROVISIONING_PROFILE = "";
				SPRITEKIT_TEXTURE_ATLAS_OUTPUT = YES;
				TARGETED_DEVICE_FAMILY = "1,2";
				VALID_ARCHS = "armv7 armv7s";
				WRAPPER_EXTENSION = app;
			};
			name = Release;
		};
		2443DC8F18D662CA00C920C1 /* Debug */ = {
			isa = XCBuildConfiguration;
			buildSettings = {
				BUNDLE_LOADER = "$(BUILT_PRODUCTS_DIR)/m2048.app/m2048";
				FRAMEWORK_SEARCH_PATHS = (
					"$(SDKROOT)/Developer/Library/Frameworks",
					"$(inherited)",
					"$(DEVELOPER_FRAMEWORKS_DIR)",
				);
				GCC_PRECOMPILE_PREFIX_HEADER = YES;
				GCC_PREFIX_HEADER = "m2048/m2048-Prefix.pch";
				GCC_PREPROCESSOR_DEFINITIONS = (
					"DEBUG=1",
					"$(inherited)",
				);
				INFOPLIST_FILE = "m2048Tests/m2048Tests-Info.plist";
				PRODUCT_NAME = "$(TARGET_NAME)";
				TEST_HOST = "$(BUNDLE_LOADER)";
				WRAPPER_EXTENSION = xctest;
			};
			name = Debug;
		};
		2443DC9018D662CA00C920C1 /* Release */ = {
			isa = XCBuildConfiguration;
			buildSettings = {
				BUNDLE_LOADER = "$(BUILT_PRODUCTS_DIR)/m2048.app/m2048";
				FRAMEWORK_SEARCH_PATHS = (
					"$(SDKROOT)/Developer/Library/Frameworks",
					"$(inherited)",
					"$(DEVELOPER_FRAMEWORKS_DIR)",
				);
				GCC_PRECOMPILE_PREFIX_HEADER = YES;
				GCC_PREFIX_HEADER = "m2048/m2048-Prefix.pch";
				INFOPLIST_FILE = "m2048Tests/m2048Tests-Info.plist";
				PRODUCT_NAME = "$(TARGET_NAME)";
				TEST_HOST = "$(BUNDLE_LOADER)";
				WRAPPER_EXTENSION = xctest;
			};
			name = Release;
		};
/* End XCBuildConfiguration section */

/* Begin XCConfigurationList section */
		2443DC4D18D662CA00C920C1 /* Build configuration list for PBXProject "m2048" */ = {
			isa = XCConfigurationList;
			buildConfigurations = (
				2443DC8918D662CA00C920C1 /* Debug */,
				2443DC8A18D662CA00C920C1 /* Release */,
			);
			defaultConfigurationIsVisible = 0;
			defaultConfigurationName = Release;
		};
		2443DC8B18D662CA00C920C1 /* Build configuration list for PBXNativeTarget "m2048" */ = {
			isa = XCConfigurationList;
			buildConfigurations = (
				2443DC8C18D662CA00C920C1 /* Debug */,
				2443DC8D18D662CA00C920C1 /* Release */,
			);
			defaultConfigurationIsVisible = 0;
			defaultConfigurationName = Release;
		};
		2443DC8E18D662CA00C920C1 /* Build configuration list for PBXNativeTarget "m2048Tests" */ = {
			isa = XCConfigurationList;
			buildConfigurations = (
				2443DC8F18D662CA00C920C1 /* Debug */,
				2443DC9018D662CA00C920C1 /* Release */,
			);
			defaultConfigurationIsVisible = 0;
			defaultConfigurationName = Release;
		};
/* End XCConfigurationList section */
	};
	rootObject = 2443DC4A18D662CA00C920C1 /* Project object */;
}
